PODS:
  - Collor (0.1.15):
    - Dwifft (~> 0.6)
  - CwlCatchException (1.0.2)
  - CwlPreconditionTesting (1.1.0):
    - CwlCatchException
  - Dwifft (0.6.2)

DEPENDENCIES:
  - Collor (from `../`)
  - CwlCatchException (from `https://github.com/mattgallagher/CwlCatchException.git`)
  - CwlPreconditionTesting (from `https://github.com/mattgallagher/CwlPreconditionTesting.git`)

EXTERNAL SOURCES:
  Collor:
    :path: "../"
  CwlCatchException:
    :git: https://github.com/mattgallagher/CwlCatchException.git
  CwlPreconditionTesting:
    :git: https://github.com/mattgallagher/CwlPreconditionTesting.git

CHECKOUT OPTIONS:
  CwlCatchException:
    :commit: 0da6219c5cd4d26e535720ec3de7f7714b4f21a8
    :git: https://github.com/mattgallagher/CwlCatchException.git
  CwlPreconditionTesting:
    :commit: bb63cffcaf2a64b5b3a9139a542ec04bfd50c424
    :git: https://github.com/mattgallagher/CwlPreconditionTesting.git

SPEC CHECKSUMS:
  Collor: 9ace9cb94b592231d564bb00b71a135e54501934
  CwlCatchException: 70a52ae44ea5d46db7bd385f801a94942420cd8c
  CwlPreconditionTesting: d9b35890c80b34668cd90da5bef077fd817a99fc
  Dwifft: ee21f0fe857852c4f0b7b5070f1493aff82fc512

PODFILE CHECKSUM: 78e32cc66a38b4734db9fd0d3bbb159e0bf638b8

COCOAPODS: 1.2.1
