// !$*UTF8*$!
{
	archiveVersion = 1;
	classes = {
	};
	objectVersion = 46;
	objects = {

/* Begin PBXBuildFile section */
		607FACD61AFB9204008FA782 /* AppDelegate.swift in Sources */ = {isa = PBXBuildFile; fileRef = 607FACD51AFB9204008FA782 /* AppDelegate.swift */; };
		607FACD81AFB9204008FA782 /* ViewController.swift in Sources */ = {isa = PBXBuildFile; fileRef = 607FACD71AFB9204008FA782 /* ViewController.swift */; };
		607FACDB1AFB9204008FA782 /* Main.storyboard in Resources */ = {isa = PBXBuildFile; fileRef = 607FACD91AFB9204008FA782 /* Main.storyboard */; };
		607FACDD1AFB9204008FA782 /* Images.xcassets in Resources */ = {isa = PBXBuildFile; fileRef = 607FACDC1AFB9204008FA782 /* Images.xcassets */; };
		607FACE01AFB9204008FA782 /* LaunchScreen.xib in Resources */ = {isa = PBXBuildFile; fileRef = 607FACDE1AFB9204008FA782 /* LaunchScreen.xib */; };
		607FACEC1AFB9204008FA782 /* Tests.swift in Sources */ = {isa = PBXBuildFile; fileRef = 607FACEB1AFB9204008FA782 /* Tests.swift */; };
		8471BA655E27D19C245277AF /* Pods_VSCollectionDescriptor_Example.framework in Frameworks */ = {isa = PBXBuildFile; fileRef = B612887E94B23328D297373F /* Pods_VSCollectionDescriptor_Example.framework */; };
		F06A12BB1E7845DD00152F71 /* UserEventDelegate.swift in Sources */ = {isa = PBXBuildFile; fileRef = F06A12BA1E7845DD00152F71 /* UserEventDelegate.swift */; };
		F06A12BC1E7845DD00152F71 /* UserEventDelegate.swift in Sources */ = {isa = PBXBuildFile; fileRef = F06A12BA1E7845DD00152F71 /* UserEventDelegate.swift */; };
		F06A12C21E78494700152F71 /* UserEventAdapter.swift in Sources */ = {isa = PBXBuildFile; fileRef = F06A12BE1E78494700152F71 /* UserEventAdapter.swift */; };
		F06A12C31E78494700152F71 /* UserEventAdapter.swift in Sources */ = {isa = PBXBuildFile; fileRef = F06A12BE1E78494700152F71 /* UserEventAdapter.swift */; };
		F06A12C41E78494700152F71 /* UserEventCollectionViewCell.swift in Sources */ = {isa = PBXBuildFile; fileRef = F06A12BF1E78494700152F71 /* UserEventCollectionViewCell.swift */; };
		F06A12C51E78494700152F71 /* UserEventCollectionViewCell.swift in Sources */ = {isa = PBXBuildFile; fileRef = F06A12BF1E78494700152F71 /* UserEventCollectionViewCell.swift */; };
		F06A12C61E78494700152F71 /* UserEventCollectionViewCell.xib in Resources */ = {isa = PBXBuildFile; fileRef = F06A12C01E78494700152F71 /* UserEventCollectionViewCell.xib */; };
		F06A12C71E78494700152F71 /* UserEventCollectionViewCell.xib in Resources */ = {isa = PBXBuildFile; fileRef = F06A12C01E78494700152F71 /* UserEventCollectionViewCell.xib */; };
		F06A12C81E78494700152F71 /* UserEventDescriptor.swift in Sources */ = {isa = PBXBuildFile; fileRef = F06A12C11E78494700152F71 /* UserEventDescriptor.swift */; };
		F06A12C91E78494700152F71 /* UserEventDescriptor.swift in Sources */ = {isa = PBXBuildFile; fileRef = F06A12C11E78494700152F71 /* UserEventDescriptor.swift */; };
		F0DC83C51E5DC6BB000E84CB /* DemoDatas.swift in Sources */ = {isa = PBXBuildFile; fileRef = F0DC83C41E5DC6BB000E84CB /* DemoDatas.swift */; };
		F0DC83C61E5DC6BB000E84CB /* DemoDatas.swift in Sources */ = {isa = PBXBuildFile; fileRef = F0DC83C41E5DC6BB000E84CB /* DemoDatas.swift */; };
		F0FABC3D1E5DD01D00B745C9 /* MainColorSectionDescriptor.swift in Sources */ = {isa = PBXBuildFile; fileRef = F0FABC3C1E5DD01D00B745C9 /* MainColorSectionDescriptor.swift */; };
		F0FABC3E1E5DD01D00B745C9 /* MainColorSectionDescriptor.swift in Sources */ = {isa = PBXBuildFile; fileRef = F0FABC3C1E5DD01D00B745C9 /* MainColorSectionDescriptor.swift */; };
		F0FABC501E5DD04900B745C9 /* ColorAdapter.swift in Sources */ = {isa = PBXBuildFile; fileRef = F0FABC4C1E5DD04900B745C9 /* ColorAdapter.swift */; };
		F0FABC511E5DD04900B745C9 /* ColorAdapter.swift in Sources */ = {isa = PBXBuildFile; fileRef = F0FABC4C1E5DD04900B745C9 /* ColorAdapter.swift */; };
		F0FABC521E5DD04900B745C9 /* ColorCollectionViewCell.swift in Sources */ = {isa = PBXBuildFile; fileRef = F0FABC4D1E5DD04900B745C9 /* ColorCollectionViewCell.swift */; };
		F0FABC531E5DD04900B745C9 /* ColorCollectionViewCell.swift in Sources */ = {isa = PBXBuildFile; fileRef = F0FABC4D1E5DD04900B745C9 /* ColorCollectionViewCell.swift */; };
		F0FABC541E5DD04900B745C9 /* ColorCollectionViewCell.xib in Resources */ = {isa = PBXBuildFile; fileRef = F0FABC4E1E5DD04900B745C9 /* ColorCollectionViewCell.xib */; };
		F0FABC551E5DD04900B745C9 /* ColorCollectionViewCell.xib in Resources */ = {isa = PBXBuildFile; fileRef = F0FABC4E1E5DD04900B745C9 /* ColorCollectionViewCell.xib */; };
		F0FABC561E5DD04900B745C9 /* ColorDescriptor.swift in Sources */ = {isa = PBXBuildFile; fileRef = F0FABC4F1E5DD04900B745C9 /* ColorDescriptor.swift */; };
		F0FABC571E5DD04900B745C9 /* ColorDescriptor.swift in Sources */ = {isa = PBXBuildFile; fileRef = F0FABC4F1E5DD04900B745C9 /* ColorDescriptor.swift */; };
		F0FABC5E1E5DD11000B745C9 /* TitleAdapter.swift in Sources */ = {isa = PBXBuildFile; fileRef = F0FABC5A1E5DD11000B745C9 /* TitleAdapter.swift */; };
		F0FABC5F1E5DD11000B745C9 /* TitleAdapter.swift in Sources */ = {isa = PBXBuildFile; fileRef = F0FABC5A1E5DD11000B745C9 /* TitleAdapter.swift */; };
		F0FABC601E5DD11000B745C9 /* TitleCollectionViewCell.swift in Sources */ = {isa = PBXBuildFile; fileRef = F0FABC5B1E5DD11000B745C9 /* TitleCollectionViewCell.swift */; };
		F0FABC611E5DD11000B745C9 /* TitleCollectionViewCell.swift in Sources */ = {isa = PBXBuildFile; fileRef = F0FABC5B1E5DD11000B745C9 /* TitleCollectionViewCell.swift */; };
		F0FABC621E5DD11000B745C9 /* TitleCollectionViewCell.xib in Resources */ = {isa = PBXBuildFile; fileRef = F0FABC5C1E5DD11000B745C9 /* TitleCollectionViewCell.xib */; };
		F0FABC631E5DD11000B745C9 /* TitleCollectionViewCell.xib in Resources */ = {isa = PBXBuildFile; fileRef = F0FABC5C1E5DD11000B745C9 /* TitleCollectionViewCell.xib */; };
		F0FABC641E5DD11000B745C9 /* TitleDescriptor.swift in Sources */ = {isa = PBXBuildFile; fileRef = F0FABC5D1E5DD11000B745C9 /* TitleDescriptor.swift */; };
		F0FABC651E5DD11000B745C9 /* TitleDescriptor.swift in Sources */ = {isa = PBXBuildFile; fileRef = F0FABC5D1E5DD11000B745C9 /* TitleDescriptor.swift */; };
		F0FABC6B1E5F2A5200B745C9 /* ActionAdapter.swift in Sources */ = {isa = PBXBuildFile; fileRef = F0FABC671E5F2A5200B745C9 /* ActionAdapter.swift */; };
		F0FABC6C1E5F2A5200B745C9 /* ActionAdapter.swift in Sources */ = {isa = PBXBuildFile; fileRef = F0FABC671E5F2A5200B745C9 /* ActionAdapter.swift */; };
		F0FABC6D1E5F2A5200B745C9 /* ActionCollectionViewCell.swift in Sources */ = {isa = PBXBuildFile; fileRef = F0FABC681E5F2A5200B745C9 /* ActionCollectionViewCell.swift */; };
		F0FABC6E1E5F2A5200B745C9 /* ActionCollectionViewCell.swift in Sources */ = {isa = PBXBuildFile; fileRef = F0FABC681E5F2A5200B745C9 /* ActionCollectionViewCell.swift */; };
		F0FABC6F1E5F2A5200B745C9 /* ActionCollectionViewCell.xib in Resources */ = {isa = PBXBuildFile; fileRef = F0FABC691E5F2A5200B745C9 /* ActionCollectionViewCell.xib */; };
		F0FABC701E5F2A5200B745C9 /* ActionCollectionViewCell.xib in Resources */ = {isa = PBXBuildFile; fileRef = F0FABC691E5F2A5200B745C9 /* ActionCollectionViewCell.xib */; };
		F0FABC711E5F2A5200B745C9 /* ActionDescriptor.swift in Sources */ = {isa = PBXBuildFile; fileRef = F0FABC6A1E5F2A5200B745C9 /* ActionDescriptor.swift */; };
		F0FABC721E5F2A5200B745C9 /* ActionDescriptor.swift in Sources */ = {isa = PBXBuildFile; fileRef = F0FABC6A1E5F2A5200B745C9 /* ActionDescriptor.swift */; };
		F7B7739888374FEF1FEBD76E /* Pods_VSCollectionDescriptor_Tests.framework in Frameworks */ = {isa = PBXBuildFile; fileRef = 7B32EFE65F74D3E94D711ED9 /* Pods_VSCollectionDescriptor_Tests.framework */; };
/* End PBXBuildFile section */

/* Begin PBXContainerItemProxy section */
		607FACE61AFB9204008FA782 /* PBXContainerItemProxy */ = {
			isa = PBXContainerItemProxy;
			containerPortal = 607FACC81AFB9204008FA782 /* Project object */;
			proxyType = 1;
			remoteGlobalIDString = 607FACCF1AFB9204008FA782;
			remoteInfo = VSCollectionDescriptor;
		};
/* End PBXContainerItemProxy section */

/* Begin PBXFileReference section */
		18B6C948C6B8DCC999A2A778 /* LICENSE */ = {isa = PBXFileReference; includeInIndex = 1; lastKnownFileType = text; name = LICENSE; path = ../LICENSE; sourceTree = "<group>"; };
		607FACD01AFB9204008FA782 /* VSCollectionDescriptor_Example.app */ = {isa = PBXFileReference; explicitFileType = wrapper.application; includeInIndex = 0; path = VSCollectionDescriptor_Example.app; sourceTree = BUILT_PRODUCTS_DIR; };
		607FACD41AFB9204008FA782 /* Info.plist */ = {isa = PBXFileReference; lastKnownFileType = text.plist.xml; path = Info.plist; sourceTree = "<group>"; };
		607FACD51AFB9204008FA782 /* AppDelegate.swift */ = {isa = PBXFileReference; lastKnownFileType = sourcecode.swift; path = AppDelegate.swift; sourceTree = "<group>"; };
		607FACD71AFB9204008FA782 /* ViewController.swift */ = {isa = PBXFileReference; lastKnownFileType = sourcecode.swift; path = ViewController.swift; sourceTree = "<group>"; };
		607FACDA1AFB9204008FA782 /* Base */ = {isa = PBXFileReference; lastKnownFileType = file.storyboard; name = Base; path = Base.lproj/Main.storyboard; sourceTree = "<group>"; };
		607FACDC1AFB9204008FA782 /* Images.xcassets */ = {isa = PBXFileReference; lastKnownFileType = folder.assetcatalog; path = Images.xcassets; sourceTree = "<group>"; };
		607FACDF1AFB9204008FA782 /* Base */ = {isa = PBXFileReference; lastKnownFileType = file.xib; name = Base; path = Base.lproj/LaunchScreen.xib; sourceTree = "<group>"; };
		607FACE51AFB9204008FA782 /* VSCollectionDescriptor_Tests.xctest */ = {isa = PBXFileReference; explicitFileType = wrapper.cfbundle; includeInIndex = 0; path = VSCollectionDescriptor_Tests.xctest; sourceTree = BUILT_PRODUCTS_DIR; };
		607FACEA1AFB9204008FA782 /* Info.plist */ = {isa = PBXFileReference; lastKnownFileType = text.plist.xml; path = Info.plist; sourceTree = "<group>"; };
		607FACEB1AFB9204008FA782 /* Tests.swift */ = {isa = PBXFileReference; lastKnownFileType = sourcecode.swift; path = Tests.swift; sourceTree = "<group>"; };
		774A868FF06D3020BB8F55BC /* VSCollectionDescriptor.podspec */ = {isa = PBXFileReference; includeInIndex = 1; lastKnownFileType = text; name = VSCollectionDescriptor.podspec; path = ../VSCollectionDescriptor.podspec; sourceTree = "<group>"; };
		7B32EFE65F74D3E94D711ED9 /* Pods_VSCollectionDescriptor_Tests.framework */ = {isa = PBXFileReference; explicitFileType = wrapper.framework; includeInIndex = 0; path = Pods_VSCollectionDescriptor_Tests.framework; sourceTree = BUILT_PRODUCTS_DIR; };
		7E38D668F36CD4EC669A16EE /* Pods-VSCollectionDescriptor_Tests.debug.xcconfig */ = {isa = PBXFileReference; includeInIndex = 1; lastKnownFileType = text.xcconfig; name = "Pods-VSCollectionDescriptor_Tests.debug.xcconfig"; path = "Pods/Target Support Files/Pods-VSCollectionDescriptor_Tests/Pods-VSCollectionDescriptor_Tests.debug.xcconfig"; sourceTree = "<group>"; };
		86187F90932CBED9BCAAE407 /* Pods-VSCollectionDescriptor_Tests.release.xcconfig */ = {isa = PBXFileReference; includeInIndex = 1; lastKnownFileType = text.xcconfig; name = "Pods-VSCollectionDescriptor_Tests.release.xcconfig"; path = "Pods/Target Support Files/Pods-VSCollectionDescriptor_Tests/Pods-VSCollectionDescriptor_Tests.release.xcconfig"; sourceTree = "<group>"; };
		B612887E94B23328D297373F /* Pods_VSCollectionDescriptor_Example.framework */ = {isa = PBXFileReference; explicitFileType = wrapper.framework; includeInIndex = 0; path = Pods_VSCollectionDescriptor_Example.framework; sourceTree = BUILT_PRODUCTS_DIR; };
		DDBFDA8239DA281C9CEC4368 /* Pods-VSCollectionDescriptor_Example.debug.xcconfig */ = {isa = PBXFileReference; includeInIndex = 1; lastKnownFileType = text.xcconfig; name = "Pods-VSCollectionDescriptor_Example.debug.xcconfig"; path = "Pods/Target Support Files/Pods-VSCollectionDescriptor_Example/Pods-VSCollectionDescriptor_Example.debug.xcconfig"; sourceTree = "<group>"; };
		EB8EE345944BE756AC5C43C7 /* Pods-VSCollectionDescriptor_Example.release.xcconfig */ = {isa = PBXFileReference; includeInIndex = 1; lastKnownFileType = text.xcconfig; name = "Pods-VSCollectionDescriptor_Example.release.xcconfig"; path = "Pods/Target Support Files/Pods-VSCollectionDescriptor_Example/Pods-VSCollectionDescriptor_Example.release.xcconfig"; sourceTree = "<group>"; };
		EE2BCC5F8FCC01F168B220C4 /* README.md */ = {isa = PBXFileReference; includeInIndex = 1; lastKnownFileType = net.daringfireball.markdown; name = README.md; path = ../README.md; sourceTree = "<group>"; };
		F06A12BA1E7845DD00152F71 /* UserEventDelegate.swift */ = {isa = PBXFileReference; fileEncoding = 4; lastKnownFileType = sourcecode.swift; path = UserEventDelegate.swift; sourceTree = "<group>"; };
		F06A12BE1E78494700152F71 /* UserEventAdapter.swift */ = {isa = PBXFileReference; fileEncoding = 4; lastKnownFileType = sourcecode.swift; path = UserEventAdapter.swift; sourceTree = "<group>"; };
		F06A12BF1E78494700152F71 /* UserEventCollectionViewCell.swift */ = {isa = PBXFileReference; fileEncoding = 4; lastKnownFileType = sourcecode.swift; path = UserEventCollectionViewCell.swift; sourceTree = "<group>"; };
		F06A12C01E78494700152F71 /* UserEventCollectionViewCell.xib */ = {isa = PBXFileReference; fileEncoding = 4; lastKnownFileType = file.xib; path = UserEventCollectionViewCell.xib; sourceTree = "<group>"; };
		F06A12C11E78494700152F71 /* UserEventDescriptor.swift */ = {isa = PBXFileReference; fileEncoding = 4; lastKnownFileType = sourcecode.swift; path = UserEventDescriptor.swift; sourceTree = "<group>"; };
		F0DC83C41E5DC6BB000E84CB /* DemoDatas.swift */ = {isa = PBXFileReference; fileEncoding = 4; lastKnownFileType = sourcecode.swift; path = DemoDatas.swift; sourceTree = "<group>"; };
		F0FABC3C1E5DD01D00B745C9 /* MainColorSectionDescriptor.swift */ = {isa = PBXFileReference; fileEncoding = 4; lastKnownFileType = sourcecode.swift; path = MainColorSectionDescriptor.swift; sourceTree = "<group>"; };
		F0FABC4C1E5DD04900B745C9 /* ColorAdapter.swift */ = {isa = PBXFileReference; fileEncoding = 4; lastKnownFileType = sourcecode.swift; path = ColorAdapter.swift; sourceTree = "<group>"; };
		F0FABC4D1E5DD04900B745C9 /* ColorCollectionViewCell.swift */ = {isa = PBXFileReference; fileEncoding = 4; lastKnownFileType = sourcecode.swift; path = ColorCollectionViewCell.swift; sourceTree = "<group>"; };
		F0FABC4E1E5DD04900B745C9 /* ColorCollectionViewCell.xib */ = {isa = PBXFileReference; fileEncoding = 4; lastKnownFileType = file.xib; path = ColorCollectionViewCell.xib; sourceTree = "<group>"; };
		F0FABC4F1E5DD04900B745C9 /* ColorDescriptor.swift */ = {isa = PBXFileReference; fileEncoding = 4; lastKnownFileType = sourcecode.swift; path = ColorDescriptor.swift; sourceTree = "<group>"; };
		F0FABC5A1E5DD11000B745C9 /* TitleAdapter.swift */ = {isa = PBXFileReference; fileEncoding = 4; lastKnownFileType = sourcecode.swift; path = TitleAdapter.swift; sourceTree = "<group>"; };
		F0FABC5B1E5DD11000B745C9 /* TitleCollectionViewCell.swift */ = {isa = PBXFileReference; fileEncoding = 4; lastKnownFileType = sourcecode.swift; path = TitleCollectionViewCell.swift; sourceTree = "<group>"; };
		F0FABC5C1E5DD11000B745C9 /* TitleCollectionViewCell.xib */ = {isa = PBXFileReference; fileEncoding = 4; lastKnownFileType = file.xib; path = TitleCollectionViewCell.xib; sourceTree = "<group>"; };
		F0FABC5D1E5DD11000B745C9 /* TitleDescriptor.swift */ = {isa = PBXFileReference; fileEncoding = 4; lastKnownFileType = sourcecode.swift; path = TitleDescriptor.swift; sourceTree = "<group>"; };
		F0FABC671E5F2A5200B745C9 /* ActionAdapter.swift */ = {isa = PBXFileReference; fileEncoding = 4; lastKnownFileType = sourcecode.swift; path = ActionAdapter.swift; sourceTree = "<group>"; };
		F0FABC681E5F2A5200B745C9 /* ActionCollectionViewCell.swift */ = {isa = PBXFileReference; fileEncoding = 4; lastKnownFileType = sourcecode.swift; path = ActionCollectionViewCell.swift; sourceTree = "<group>"; };
		F0FABC691E5F2A5200B745C9 /* ActionCollectionViewCell.xib */ = {isa = PBXFileReference; fileEncoding = 4; lastKnownFileType = file.xib; path = ActionCollectionViewCell.xib; sourceTree = "<group>"; };
		F0FABC6A1E5F2A5200B745C9 /* ActionDescriptor.swift */ = {isa = PBXFileReference; fileEncoding = 4; lastKnownFileType = sourcecode.swift; path = ActionDescriptor.swift; sourceTree = "<group>"; };
/* End PBXFileReference section */

/* Begin PBXFrameworksBuildPhase section */
		607FACCD1AFB9204008FA782 /* Frameworks */ = {
			isa = PBXFrameworksBuildPhase;
			buildActionMask = 2147483647;
			files = (
				8471BA655E27D19C245277AF /* Pods_VSCollectionDescriptor_Example.framework in Frameworks */,
			);
			runOnlyForDeploymentPostprocessing = 0;
		};
		607FACE21AFB9204008FA782 /* Frameworks */ = {
			isa = PBXFrameworksBuildPhase;
			buildActionMask = 2147483647;
			files = (
				F7B7739888374FEF1FEBD76E /* Pods_VSCollectionDescriptor_Tests.framework in Frameworks */,
			);
			runOnlyForDeploymentPostprocessing = 0;
		};
/* End PBXFrameworksBuildPhase section */

/* Begin PBXGroup section */
		607FACC71AFB9204008FA782 = {
			isa = PBXGroup;
			children = (
				607FACF51AFB993E008FA782 /* Podspec Metadata */,
				607FACD21AFB9204008FA782 /* Example for VSCollectionDescriptor */,
				607FACE81AFB9204008FA782 /* Tests */,
				607FACD11AFB9204008FA782 /* Products */,
				8EE8DB1FFE76493E82A23896 /* Pods */,
				881F711B06CD0A9EB0CD213B /* Frameworks */,
			);
			sourceTree = "<group>";
		};
		607FACD11AFB9204008FA782 /* Products */ = {
			isa = PBXGroup;
			children = (
				607FACD01AFB9204008FA782 /* VSCollectionDescriptor_Example.app */,
				607FACE51AFB9204008FA782 /* VSCollectionDescriptor_Tests.xctest */,
			);
			name = Products;
			sourceTree = "<group>";
		};
		607FACD21AFB9204008FA782 /* Example for VSCollectionDescriptor */ = {
			isa = PBXGroup;
			children = (
				F0FABC3F1E5DD02400B745C9 /* cell */,
				F0FABC3B1E5DCFFC00B745C9 /* section */,
				607FACD51AFB9204008FA782 /* AppDelegate.swift */,
				607FACD71AFB9204008FA782 /* ViewController.swift */,
				F0DC83C41E5DC6BB000E84CB /* DemoDatas.swift */,
				F06A12BA1E7845DD00152F71 /* UserEventDelegate.swift */,
				607FACD91AFB9204008FA782 /* Main.storyboard */,
				607FACDC1AFB9204008FA782 /* Images.xcassets */,
				607FACDE1AFB9204008FA782 /* LaunchScreen.xib */,
				607FACD31AFB9204008FA782 /* Supporting Files */,
			);
			name = "Example for VSCollectionDescriptor";
			path = VSCollectionDescriptor;
			sourceTree = "<group>";
		};
		607FACD31AFB9204008FA782 /* Supporting Files */ = {
			isa = PBXGroup;
			children = (
				607FACD41AFB9204008FA782 /* Info.plist */,
			);
			name = "Supporting Files";
			sourceTree = "<group>";
		};
		607FACE81AFB9204008FA782 /* Tests */ = {
			isa = PBXGroup;
			children = (
				607FACEB1AFB9204008FA782 /* Tests.swift */,
				607FACE91AFB9204008FA782 /* Supporting Files */,
			);
			path = Tests;
			sourceTree = "<group>";
		};
		607FACE91AFB9204008FA782 /* Supporting Files */ = {
			isa = PBXGroup;
			children = (
				607FACEA1AFB9204008FA782 /* Info.plist */,
			);
			name = "Supporting Files";
			sourceTree = "<group>";
		};
		607FACF51AFB993E008FA782 /* Podspec Metadata */ = {
			isa = PBXGroup;
			children = (
				774A868FF06D3020BB8F55BC /* VSCollectionDescriptor.podspec */,
				EE2BCC5F8FCC01F168B220C4 /* README.md */,
				18B6C948C6B8DCC999A2A778 /* LICENSE */,
			);
			name = "Podspec Metadata";
			sourceTree = "<group>";
		};
		881F711B06CD0A9EB0CD213B /* Frameworks */ = {
			isa = PBXGroup;
			children = (
				B612887E94B23328D297373F /* Pods_VSCollectionDescriptor_Example.framework */,
				7B32EFE65F74D3E94D711ED9 /* Pods_VSCollectionDescriptor_Tests.framework */,
			);
			name = Frameworks;
			sourceTree = "<group>";
		};
		8EE8DB1FFE76493E82A23896 /* Pods */ = {
			isa = PBXGroup;
			children = (
				DDBFDA8239DA281C9CEC4368 /* Pods-VSCollectionDescriptor_Example.debug.xcconfig */,
				EB8EE345944BE756AC5C43C7 /* Pods-VSCollectionDescriptor_Example.release.xcconfig */,
				7E38D668F36CD4EC669A16EE /* Pods-VSCollectionDescriptor_Tests.debug.xcconfig */,
				86187F90932CBED9BCAAE407 /* Pods-VSCollectionDescriptor_Tests.release.xcconfig */,
			);
			name = Pods;
			sourceTree = "<group>";
		};
		F06A12BD1E78493100152F71 /* userEvent */ = {
			isa = PBXGroup;
			children = (
				F06A12BE1E78494700152F71 /* UserEventAdapter.swift */,
				F06A12BF1E78494700152F71 /* UserEventCollectionViewCell.swift */,
				F06A12C01E78494700152F71 /* UserEventCollectionViewCell.xib */,
				F06A12C11E78494700152F71 /* UserEventDescriptor.swift */,
			);
			name = userEvent;
			sourceTree = "<group>";
		};
		F0FABC3B1E5DCFFC00B745C9 /* section */ = {
			isa = PBXGroup;
			children = (
				F0FABC3C1E5DD01D00B745C9 /* MainColorSectionDescriptor.swift */,
			);
			name = section;
			sourceTree = "<group>";
		};
		F0FABC3F1E5DD02400B745C9 /* cell */ = {
			isa = PBXGroup;
			children = (
				F06A12BD1E78493100152F71 /* userEvent */,
				F0FABC591E5DD10100B745C9 /* title */,
				F0FABC581E5DD0F800B745C9 /* color */,
				F0FABC731E5F2A5600B745C9 /* action */,
			);
			name = cell;
			sourceTree = "<group>";
		};
		F0FABC581E5DD0F800B745C9 /* color */ = {
			isa = PBXGroup;
			children = (
				F0FABC4C1E5DD04900B745C9 /* ColorAdapter.swift */,
				F0FABC4D1E5DD04900B745C9 /* ColorCollectionViewCell.swift */,
				F0FABC4E1E5DD04900B745C9 /* ColorCollectionViewCell.xib */,
				F0FABC4F1E5DD04900B745C9 /* ColorDescriptor.swift */,
			);
			name = color;
			sourceTree = "<group>";
		};
		F0FABC591E5DD10100B745C9 /* title */ = {
			isa = PBXGroup;
			children = (
				F0FABC5A1E5DD11000B745C9 /* TitleAdapter.swift */,
				F0FABC5B1E5DD11000B745C9 /* TitleCollectionViewCell.swift */,
				F0FABC5C1E5DD11000B745C9 /* TitleCollectionViewCell.xib */,
				F0FABC5D1E5DD11000B745C9 /* TitleDescriptor.swift */,
			);
			name = title;
			sourceTree = "<group>";
		};
		F0FABC731E5F2A5600B745C9 /* action */ = {
			isa = PBXGroup;
			children = (
				F0FABC671E5F2A5200B745C9 /* ActionAdapter.swift */,
				F0FABC681E5F2A5200B745C9 /* ActionCollectionViewCell.swift */,
				F0FABC691E5F2A5200B745C9 /* ActionCollectionViewCell.xib */,
				F0FABC6A1E5F2A5200B745C9 /* ActionDescriptor.swift */,
			);
			name = action;
			sourceTree = "<group>";
		};
/* End PBXGroup section */

/* Begin PBXNativeTarget section */
		607FACCF1AFB9204008FA782 /* VSCollectionDescriptor_Example */ = {
			isa = PBXNativeTarget;
			buildConfigurationList = 607FACEF1AFB9204008FA782 /* Build configuration list for PBXNativeTarget "VSCollectionDescriptor_Example" */;
			buildPhases = (
				26F147F59219B08D5CA1423C /* [CP] Check Pods Manifest.lock */,
				607FACCC1AFB9204008FA782 /* Sources */,
				607FACCD1AFB9204008FA782 /* Frameworks */,
				607FACCE1AFB9204008FA782 /* Resources */,
				E4DC15B60F7097229D5B2EB8 /* [CP] Embed Pods Frameworks */,
				6AA5CFB191A2F0B6900FFEEB /* [CP] Copy Pods Resources */,
			);
			buildRules = (
			);
			dependencies = (
			);
			name = VSCollectionDescriptor_Example;
			productName = VSCollectionDescriptor;
			productReference = 607FACD01AFB9204008FA782 /* VSCollectionDescriptor_Example.app */;
			productType = "com.apple.product-type.application";
		};
		607FACE41AFB9204008FA782 /* VSCollectionDescriptor_Tests */ = {
			isa = PBXNativeTarget;
			buildConfigurationList = 607FACF21AFB9204008FA782 /* Build configuration list for PBXNativeTarget "VSCollectionDescriptor_Tests" */;
			buildPhases = (
				45084833E1BFE0B52A21D20A /* [CP] Check Pods Manifest.lock */,
				607FACE11AFB9204008FA782 /* Sources */,
				607FACE21AFB9204008FA782 /* Frameworks */,
				607FACE31AFB9204008FA782 /* Resources */,
				16444F50E2B15CC437F362A5 /* [CP] Embed Pods Frameworks */,
				E1BAFA9457F7DCD0149D0C5C /* [CP] Copy Pods Resources */,
			);
			buildRules = (
			);
			dependencies = (
				607FACE71AFB9204008FA782 /* PBXTargetDependency */,
			);
			name = VSCollectionDescriptor_Tests;
			productName = Tests;
			productReference = 607FACE51AFB9204008FA782 /* VSCollectionDescriptor_Tests.xctest */;
			productType = "com.apple.product-type.bundle.unit-test";
		};
/* End PBXNativeTarget section */

/* Begin PBXProject section */
		607FACC81AFB9204008FA782 /* Project object */ = {
			isa = PBXProject;
			attributes = {
				LastSwiftUpdateCheck = 0720;
				LastUpgradeCheck = 0820;
				ORGANIZATIONNAME = CocoaPods;
				TargetAttributes = {
					607FACCF1AFB9204008FA782 = {
						CreatedOnToolsVersion = 6.3.1;
						DevelopmentTeam = 796F6JZZQJ;
						LastSwiftMigration = 0820;
					};
					607FACE41AFB9204008FA782 = {
						CreatedOnToolsVersion = 6.3.1;
						DevelopmentTeam = 796F6JZZQJ;
						LastSwiftMigration = 0820;
						TestTargetID = 607FACCF1AFB9204008FA782;
					};
				};
			};
			buildConfigurationList = 607FACCB1AFB9204008FA782 /* Build configuration list for PBXProject "VSCollectionDescriptor" */;
			compatibilityVersion = "Xcode 3.2";
			developmentRegion = English;
			hasScannedForEncodings = 0;
			knownRegions = (
				en,
				Base,
			);
			mainGroup = 607FACC71AFB9204008FA782;
			productRefGroup = 607FACD11AFB9204008FA782 /* Products */;
			projectDirPath = "";
			projectRoot = "";
			targets = (
				607FACCF1AFB9204008FA782 /* VSCollectionDescriptor_Example */,
				607FACE41AFB9204008FA782 /* VSCollectionDescriptor_Tests */,
			);
		};
/* End PBXProject section */

/* Begin PBXResourcesBuildPhase section */
		607FACCE1AFB9204008FA782 /* Resources */ = {
			isa = PBXResourcesBuildPhase;
			buildActionMask = 2147483647;
			files = (
				F0FABC621E5DD11000B745C9 /* TitleCollectionViewCell.xib in Resources */,
				607FACDB1AFB9204008FA782 /* Main.storyboard in Resources */,
				F0FABC6F1E5F2A5200B745C9 /* ActionCollectionViewCell.xib in Resources */,
				F06A12C61E78494700152F71 /* UserEventCollectionViewCell.xib in Resources */,
				607FACE01AFB9204008FA782 /* LaunchScreen.xib in Resources */,
				F0FABC541E5DD04900B745C9 /* ColorCollectionViewCell.xib in Resources */,
				607FACDD1AFB9204008FA782 /* Images.xcassets in Resources */,
			);
			runOnlyForDeploymentPostprocessing = 0;
		};
		607FACE31AFB9204008FA782 /* Resources */ = {
			isa = PBXResourcesBuildPhase;
			buildActionMask = 2147483647;
			files = (
				F06A12C71E78494700152F71 /* UserEventCollectionViewCell.xib in Resources */,
				F0FABC551E5DD04900B745C9 /* ColorCollectionViewCell.xib in Resources */,
				F0FABC631E5DD11000B745C9 /* TitleCollectionViewCell.xib in Resources */,
				F0FABC701E5F2A5200B745C9 /* ActionCollectionViewCell.xib in Resources */,
			);
			runOnlyForDeploymentPostprocessing = 0;
		};
/* End PBXResourcesBuildPhase section */

/* Begin PBXShellScriptBuildPhase section */
		16444F50E2B15CC437F362A5 /* [CP] Embed Pods Frameworks */ = {
			isa = PBXShellScriptBuildPhase;
			buildActionMask = 2147483647;
			files = (
			);
			inputPaths = (
			);
			name = "[CP] Embed Pods Frameworks";
			outputPaths = (
			);
			runOnlyForDeploymentPostprocessing = 0;
			shellPath = /bin/sh;
			shellScript = "\"${SRCROOT}/Pods/Target Support Files/Pods-VSCollectionDescriptor_Tests/Pods-VSCollectionDescriptor_Tests-frameworks.sh\"\n";
			showEnvVarsInLog = 0;
		};
		26F147F59219B08D5CA1423C /* [CP] Check Pods Manifest.lock */ = {
			isa = PBXShellScriptBuildPhase;
			buildActionMask = 2147483647;
			files = (
			);
			inputPaths = (
			);
			name = "[CP] Check Pods Manifest.lock";
			outputPaths = (
			);
			runOnlyForDeploymentPostprocessing = 0;
			shellPath = /bin/sh;
			shellScript = "diff \"${PODS_ROOT}/../Podfile.lock\" \"${PODS_ROOT}/Manifest.lock\" > /dev/null\nif [ $? != 0 ] ; then\n    # print error to STDERR\n    echo \"error: The sandbox is not in sync with the Podfile.lock. Run 'pod install' or update your CocoaPods installation.\" >&2\n    exit 1\nfi\n";
			showEnvVarsInLog = 0;
		};
		45084833E1BFE0B52A21D20A /* [CP] Check Pods Manifest.lock */ = {
			isa = PBXShellScriptBuildPhase;
			buildActionMask = 2147483647;
			files = (
			);
			inputPaths = (
			);
			name = "[CP] Check Pods Manifest.lock";
			outputPaths = (
			);
			runOnlyForDeploymentPostprocessing = 0;
			shellPath = /bin/sh;
			shellScript = "diff \"${PODS_ROOT}/../Podfile.lock\" \"${PODS_ROOT}/Manifest.lock\" > /dev/null\nif [ $? != 0 ] ; then\n    # print error to STDERR\n    echo \"error: The sandbox is not in sync with the Podfile.lock. Run 'pod install' or update your CocoaPods installation.\" >&2\n    exit 1\nfi\n";
			showEnvVarsInLog = 0;
		};
		6AA5CFB191A2F0B6900FFEEB /* [CP] Copy Pods Resources */ = {
			isa = PBXShellScriptBuildPhase;
			buildActionMask = 2147483647;
			files = (
			);
			inputPaths = (
			);
			name = "[CP] Copy Pods Resources";
			outputPaths = (
			);
			runOnlyForDeploymentPostprocessing = 0;
			shellPath = /bin/sh;
			shellScript = "\"${SRCROOT}/Pods/Target Support Files/Pods-VSCollectionDescriptor_Example/Pods-VSCollectionDescriptor_Example-resources.sh\"\n";
			showEnvVarsInLog = 0;
		};
		E1BAFA9457F7DCD0149D0C5C /* [CP] Copy Pods Resources */ = {
			isa = PBXShellScriptBuildPhase;
			buildActionMask = 2147483647;
			files = (
			);
			inputPaths = (
			);
			name = "[CP] Copy Pods Resources";
			outputPaths = (
			);
			runOnlyForDeploymentPostprocessing = 0;
			shellPath = /bin/sh;
			shellScript = "\"${SRCROOT}/Pods/Target Support Files/Pods-VSCollectionDescriptor_Tests/Pods-VSCollectionDescriptor_Tests-resources.sh\"\n";
			showEnvVarsInLog = 0;
		};
		E4DC15B60F7097229D5B2EB8 /* [CP] Embed Pods Frameworks */ = {
			isa = PBXShellScriptBuildPhase;
			buildActionMask = 2147483647;
			files = (
			);
			inputPaths = (
			);
			name = "[CP] Embed Pods Frameworks";
			outputPaths = (
			);
			runOnlyForDeploymentPostprocessing = 0;
			shellPath = /bin/sh;
			shellScript = "\"${SRCROOT}/Pods/Target Support Files/Pods-VSCollectionDescriptor_Example/Pods-VSCollectionDescriptor_Example-frameworks.sh\"\n";
			showEnvVarsInLog = 0;
		};
/* End PBXShellScriptBuildPhase section */

/* Begin PBXSourcesBuildPhase section */
		607FACCC1AFB9204008FA782 /* Sources */ = {
			isa = PBXSourcesBuildPhase;
			buildActionMask = 2147483647;
			files = (
				F0FABC5E1E5DD11000B745C9 /* TitleAdapter.swift in Sources */,
				F0FABC521E5DD04900B745C9 /* ColorCollectionViewCell.swift in Sources */,
				F0DC83C51E5DC6BB000E84CB /* DemoDatas.swift in Sources */,
				F06A12C21E78494700152F71 /* UserEventAdapter.swift in Sources */,
				607FACD81AFB9204008FA782 /* ViewController.swift in Sources */,
				F06A12BB1E7845DD00152F71 /* UserEventDelegate.swift in Sources */,
				F0FABC3D1E5DD01D00B745C9 /* MainColorSectionDescriptor.swift in Sources */,
				F0FABC561E5DD04900B745C9 /* ColorDescriptor.swift in Sources */,
				F0FABC601E5DD11000B745C9 /* TitleCollectionViewCell.swift in Sources */,
				607FACD61AFB9204008FA782 /* AppDelegate.swift in Sources */,
				F0FABC501E5DD04900B745C9 /* ColorAdapter.swift in Sources */,
				F0FABC711E5F2A5200B745C9 /* ActionDescriptor.swift in Sources */,
				F06A12C41E78494700152F71 /* UserEventCollectionViewCell.swift in Sources */,
				F06A12C81E78494700152F71 /* UserEventDescriptor.swift in Sources */,
				F0FABC641E5DD11000B745C9 /* TitleDescriptor.swift in Sources */,
				F0FABC6D1E5F2A5200B745C9 /* ActionCollectionViewCell.swift in Sources */,
				F0FABC6B1E5F2A5200B745C9 /* ActionAdapter.swift in Sources */,
			);
			runOnlyForDeploymentPostprocessing = 0;
		};
		607FACE11AFB9204008FA782 /* Sources */ = {
			isa = PBXSourcesBuildPhase;
			buildActionMask = 2147483647;
			files = (
				F06A12BC1E7845DD00152F71 /* UserEventDelegate.swift in Sources */,
				F0FABC531E5DD04900B745C9 /* ColorCollectionViewCell.swift in Sources */,
				F0FABC611E5DD11000B745C9 /* TitleCollectionViewCell.swift in Sources */,
				F0FABC3E1E5DD01D00B745C9 /* MainColorSectionDescriptor.swift in Sources */,
				F06A12C91E78494700152F71 /* UserEventDescriptor.swift in Sources */,
				F0FABC571E5DD04900B745C9 /* ColorDescriptor.swift in Sources */,
				F06A12C51E78494700152F71 /* UserEventCollectionViewCell.swift in Sources */,
				F0FABC511E5DD04900B745C9 /* ColorAdapter.swift in Sources */,
				F0FABC6C1E5F2A5200B745C9 /* ActionAdapter.swift in Sources */,
				F0FABC721E5F2A5200B745C9 /* ActionDescriptor.swift in Sources */,
				F0DC83C61E5DC6BB000E84CB /* DemoDatas.swift in Sources */,
				F06A12C31E78494700152F71 /* UserEventAdapter.swift in Sources */,
				607FACEC1AFB9204008FA782 /* Tests.swift in Sources */,
				F0FABC651E5DD11000B745C9 /* TitleDescriptor.swift in Sources */,
				F0FABC5F1E5DD11000B745C9 /* TitleAdapter.swift in Sources */,
				F0FABC6E1E5F2A5200B745C9 /* ActionCollectionViewCell.swift in Sources */,
			);
			runOnlyForDeploymentPostprocessing = 0;
		};
/* End PBXSourcesBuildPhase section */

/* Begin PBXTargetDependency section */
		607FACE71AFB9204008FA782 /* PBXTargetDependency */ = {
			isa = PBXTargetDependency;
			target = 607FACCF1AFB9204008FA782 /* VSCollectionDescriptor_Example */;
			targetProxy = 607FACE61AFB9204008FA782 /* PBXContainerItemProxy */;
		};
/* End PBXTargetDependency section */

/* Begin PBXVariantGroup section */
		607FACD91AFB9204008FA782 /* Main.storyboard */ = {
			isa = PBXVariantGroup;
			children = (
				607FACDA1AFB9204008FA782 /* Base */,
			);
			name = Main.storyboard;
			sourceTree = "<group>";
		};
		607FACDE1AFB9204008FA782 /* LaunchScreen.xib */ = {
			isa = PBXVariantGroup;
			children = (
				607FACDF1AFB9204008FA782 /* Base */,
			);
			name = LaunchScreen.xib;
			sourceTree = "<group>";
		};
/* End PBXVariantGroup section */

/* Begin XCBuildConfiguration section */
		607FACED1AFB9204008FA782 /* Debug */ = {
			isa = XCBuildConfiguration;
			buildSettings = {
				ALWAYS_SEARCH_USER_PATHS = NO;
				CLANG_CXX_LANGUAGE_STANDARD = "gnu++0x";
				CLANG_CXX_LIBRARY = "libc++";
				CLANG_ENABLE_MODULES = YES;
				CLANG_ENABLE_OBJC_ARC = YES;
				CLANG_WARN_BOOL_CONVERSION = YES;
				CLANG_WARN_CONSTANT_CONVERSION = YES;
				CLANG_WARN_DIRECT_OBJC_ISA_USAGE = YES_ERROR;
				CLANG_WARN_EMPTY_BODY = YES;
				CLANG_WARN_ENUM_CONVERSION = YES;
				CLANG_WARN_INFINITE_RECURSION = YES;
				CLANG_WARN_INT_CONVERSION = YES;
				CLANG_WARN_OBJC_ROOT_CLASS = YES_ERROR;
				CLANG_WARN_SUSPICIOUS_MOVE = YES;
				CLANG_WARN_UNREACHABLE_CODE = YES;
				CLANG_WARN__DUPLICATE_METHOD_MATCH = YES;
				"CODE_SIGN_IDENTITY[sdk=iphoneos*]" = "iPhone Developer";
				COPY_PHASE_STRIP = NO;
				DEBUG_INFORMATION_FORMAT = "dwarf-with-dsym";
				ENABLE_STRICT_OBJC_MSGSEND = YES;
				ENABLE_TESTABILITY = YES;
				GCC_C_LANGUAGE_STANDARD = gnu99;
				GCC_DYNAMIC_NO_PIC = NO;
				GCC_NO_COMMON_BLOCKS = YES;
				GCC_OPTIMIZATION_LEVEL = 0;
				GCC_PREPROCESSOR_DEFINITIONS = (
					"DEBUG=1",
					"$(inherited)",
				);
				GCC_SYMBOLS_PRIVATE_EXTERN = NO;
				GCC_WARN_64_TO_32_BIT_CONVERSION = YES;
				GCC_WARN_ABOUT_RETURN_TYPE = YES_ERROR;
				GCC_WARN_UNDECLARED_SELECTOR = YES;
				GCC_WARN_UNINITIALIZED_AUTOS = YES_AGGRESSIVE;
				GCC_WARN_UNUSED_FUNCTION = YES;
				GCC_WARN_UNUSED_VARIABLE = YES;
				IPHONEOS_DEPLOYMENT_TARGET = 8.3;
				MTL_ENABLE_DEBUG_INFO = YES;
				ONLY_ACTIVE_ARCH = YES;
				SDKROOT = iphoneos;
				SWIFT_OPTIMIZATION_LEVEL = "-Onone";
			};
			name = Debug;
		};
		607FACEE1AFB9204008FA782 /* Release */ = {
			isa = XCBuildConfiguration;
			buildSettings = {
				ALWAYS_SEARCH_USER_PATHS = NO;
				CLANG_CXX_LANGUAGE_STANDARD = "gnu++0x";
				CLANG_CXX_LIBRARY = "libc++";
				CLANG_ENABLE_MODULES = YES;
				CLANG_ENABLE_OBJC_ARC = YES;
				CLANG_WARN_BOOL_CONVERSION = YES;
				CLANG_WARN_CONSTANT_CONVERSION = YES;
				CLANG_WARN_DIRECT_OBJC_ISA_USAGE = YES_ERROR;
				CLANG_WARN_EMPTY_BODY = YES;
				CLANG_WARN_ENUM_CONVERSION = YES;
				CLANG_WARN_INFINITE_RECURSION = YES;
				CLANG_WARN_INT_CONVERSION = YES;
				CLANG_WARN_OBJC_ROOT_CLASS = YES_ERROR;
				CLANG_WARN_SUSPICIOUS_MOVE = YES;
				CLANG_WARN_UNREACHABLE_CODE = YES;
				CLANG_WARN__DUPLICATE_METHOD_MATCH = YES;
				"CODE_SIGN_IDENTITY[sdk=iphoneos*]" = "iPhone Developer";
				COPY_PHASE_STRIP = NO;
				DEBUG_INFORMATION_FORMAT = "dwarf-with-dsym";
				ENABLE_NS_ASSERTIONS = NO;
				ENABLE_STRICT_OBJC_MSGSEND = YES;
				GCC_C_LANGUAGE_STANDARD = gnu99;
				GCC_NO_COMMON_BLOCKS = YES;
				GCC_WARN_64_TO_32_BIT_CONVERSION = YES;
				GCC_WARN_ABOUT_RETURN_TYPE = YES_ERROR;
				GCC_WARN_UNDECLARED_SELECTOR = YES;
				GCC_WARN_UNINITIALIZED_AUTOS = YES_AGGRESSIVE;
				GCC_WARN_UNUSED_FUNCTION = YES;
				GCC_WARN_UNUSED_VARIABLE = YES;
				IPHONEOS_DEPLOYMENT_TARGET = 8.3;
				MTL_ENABLE_DEBUG_INFO = NO;
				SDKROOT = iphoneos;
				SWIFT_OPTIMIZATION_LEVEL = "-Owholemodule";
				VALIDATE_PRODUCT = YES;
			};
			name = Release;
		};
		607FACF01AFB9204008FA782 /* Debug */ = {
			isa = XCBuildConfiguration;
			baseConfigurationReference = DDBFDA8239DA281C9CEC4368 /* Pods-VSCollectionDescriptor_Example.debug.xcconfig */;
			buildSettings = {
				ALWAYS_EMBED_SWIFT_STANDARD_LIBRARIES = YES;
				ASSETCATALOG_COMPILER_APPICON_NAME = AppIcon;
				DEVELOPMENT_TEAM = 796F6JZZQJ;
				INFOPLIST_FILE = VSCollectionDescriptor/Info.plist;
				LD_RUNPATH_SEARCH_PATHS = "$(inherited) @executable_path/Frameworks";
				MODULE_NAME = ExampleApp;
				PRODUCT_BUNDLE_IDENTIFIER = "org.cocoapods.demo.$(PRODUCT_NAME:rfc1034identifier)";
				PRODUCT_NAME = "$(TARGET_NAME)";
				SWIFT_VERSION = 3.0;
			};
			name = Debug;
		};
		607FACF11AFB9204008FA782 /* Release */ = {
			isa = XCBuildConfiguration;
			baseConfigurationReference = EB8EE345944BE756AC5C43C7 /* Pods-VSCollectionDescriptor_Example.release.xcconfig */;
			buildSettings = {
				ALWAYS_EMBED_SWIFT_STANDARD_LIBRARIES = YES;
				ASSETCATALOG_COMPILER_APPICON_NAME = AppIcon;
				DEVELOPMENT_TEAM = 796F6JZZQJ;
				INFOPLIST_FILE = VSCollectionDescriptor/Info.plist;
				LD_RUNPATH_SEARCH_PATHS = "$(inherited) @executable_path/Frameworks";
				MODULE_NAME = ExampleApp;
				PRODUCT_BUNDLE_IDENTIFIER = "org.cocoapods.demo.$(PRODUCT_NAME:rfc1034identifier)";
				PRODUCT_NAME = "$(TARGET_NAME)";
				SWIFT_VERSION = 3.0;
			};
			name = Release;
		};
		607FACF31AFB9204008FA782 /* Debug */ = {
			isa = XCBuildConfiguration;
			baseConfigurationReference = 7E38D668F36CD4EC669A16EE /* Pods-VSCollectionDescriptor_Tests.debug.xcconfig */;
			buildSettings = {
				DEVELOPMENT_TEAM = 796F6JZZQJ;
				FRAMEWORK_SEARCH_PATHS = (
					"$(SDKROOT)/Developer/Library/Frameworks",
					"$(inherited)",
				);
				GCC_PREPROCESSOR_DEFINITIONS = (
					"DEBUG=1",
					"$(inherited)",
				);
				INFOPLIST_FILE = Tests/Info.plist;
				LD_RUNPATH_SEARCH_PATHS = "$(inherited) @executable_path/Frameworks @loader_path/Frameworks";
				PRODUCT_BUNDLE_IDENTIFIER = "org.cocoapods.$(PRODUCT_NAME:rfc1034identifier)";
				PRODUCT_NAME = "$(TARGET_NAME)";
				SWIFT_VERSION = 3.0;
			};
			name = Debug;
		};
		607FACF41AFB9204008FA782 /* Release */ = {
			isa = XCBuildConfiguration;
			baseConfigurationReference = 86187F90932CBED9BCAAE407 /* Pods-VSCollectionDescriptor_Tests.release.xcconfig */;
			buildSettings = {
				DEVELOPMENT_TEAM = 796F6JZZQJ;
				FRAMEWORK_SEARCH_PATHS = (
					"$(SDKROOT)/Developer/Library/Frameworks",
					"$(inherited)",
				);
				INFOPLIST_FILE = Tests/Info.plist;
				LD_RUNPATH_SEARCH_PATHS = "$(inherited) @executable_path/Frameworks @loader_path/Frameworks";
				PRODUCT_BUNDLE_IDENTIFIER = "org.cocoapods.$(PRODUCT_NAME:rfc1034identifier)";
				PRODUCT_NAME = "$(TARGET_NAME)";
				SWIFT_VERSION = 3.0;
			};
			name = Release;
		};
/* End XCBuildConfiguration section */

/* Begin XCConfigurationList section */
		607FACCB1AFB9204008FA782 /* Build configuration list for PBXProject "VSCollectionDescriptor" */ = {
			isa = XCConfigurationList;
			buildConfigurations = (
				607FACED1AFB9204008FA782 /* Debug */,
				607FACEE1AFB9204008FA782 /* Release */,
			);
			defaultConfigurationIsVisible = 0;
			defaultConfigurationName = Release;
		};
		607FACEF1AFB9204008FA782 /* Build configuration list for PBXNativeTarget "VSCollectionDescriptor_Example" */ = {
			isa = XCConfigurationList;
			buildConfigurations = (
				607FACF01AFB9204008FA782 /* Debug */,
				607FACF11AFB9204008FA782 /* Release */,
			);
			defaultConfigurationIsVisible = 0;
			defaultConfigurationName = Release;
		};
		607FACF21AFB9204008FA782 /* Build configuration list for PBXNativeTarget "VSCollectionDescriptor_Tests" */ = {
			isa = XCConfigurationList;
			buildConfigurations = (
				607FACF31AFB9204008FA782 /* Debug */,
				607FACF41AFB9204008FA782 /* Release */,
			);
			defaultConfigurationIsVisible = 0;
			defaultConfigurationName = Release;
		};
/* End XCConfigurationList section */
	};
	rootObject = 607FACC81AFB9204008FA782 /* Project object */;
}
