// !$*UTF8*$!
{
	archiveVersion = 1;
	classes = {
	};
	objectVersion = 46;
	objects = {

/* Begin PBXBuildFile section */
		607FACD61AFB9204008FA782 /* AppDelegate.swift in Sources */ = {isa = PBXBuildFile; fileRef = 607FACD51AFB9204008FA782 /* AppDelegate.swift */; };
		607FACDB1AFB9204008FA782 /* Main.storyboard in Resources */ = {isa = PBXBuildFile; fileRef = 607FACD91AFB9204008FA782 /* Main.storyboard */; };
		607FACDD1AFB9204008FA782 /* Images.xcassets in Resources */ = {isa = PBXBuildFile; fileRef = 607FACDC1AFB9204008FA782 /* Images.xcassets */; };
		607FACE01AFB9204008FA782 /* LaunchScreen.xib in Resources */ = {isa = PBXBuildFile; fileRef = 607FACDE1AFB9204008FA782 /* LaunchScreen.xib */; };
		7315FCB25EF828F0929A4641 /* Pods_Collor_Example.framework in Frameworks */ = {isa = PBXBuildFile; fileRef = 351F1AEC9685F40C56AAB6AE /* Pods_Collor_Example.framework */; };
		C2218105C85BA310F12BE504 /* Pods_Collor_Tests.framework in Frameworks */ = {isa = PBXBuildFile; fileRef = EF440CE01DADAED1ED11196A /* Pods_Collor_Tests.framework */; };
		F049ED5E1EBA1D92000AF6C2 /* CollectionDatasTest.swift in Sources */ = {isa = PBXBuildFile; fileRef = F049ED5D1EBA1D92000AF6C2 /* CollectionDatasTest.swift */; };
		F049ED601EBA259A000AF6C2 /* CollectionDataSourceTest.swift in Sources */ = {isa = PBXBuildFile; fileRef = F049ED5F1EBA259A000AF6C2 /* CollectionDataSourceTest.swift */; };
		F0530FC61F5DF06D00F2318F /* RealTimeCollectionData.swift in Sources */ = {isa = PBXBuildFile; fileRef = F0530FC31F5DF06D00F2318F /* RealTimeCollectionData.swift */; };
		F0530FC71F5DF06D00F2318F /* RealTimeViewController.swift in Sources */ = {isa = PBXBuildFile; fileRef = F0530FC41F5DF06D00F2318F /* RealTimeViewController.swift */; };
		F0530FC81F5DF06D00F2318F /* RealTimeViewController.xib in Resources */ = {isa = PBXBuildFile; fileRef = F0530FC51F5DF06D00F2318F /* RealTimeViewController.xib */; };
		F0577CBD1F39C6910051BD18 /* MetallicPantone.swift in Sources */ = {isa = PBXBuildFile; fileRef = F0577CBC1F39C6910051BD18 /* MetallicPantone.swift */; };
		F0577CC01F39E6870051BD18 /* PantoneViewController.swift in Sources */ = {isa = PBXBuildFile; fileRef = F0577CBE1F39E6870051BD18 /* PantoneViewController.swift */; };
		F0577CC11F39E6870051BD18 /* PantoneViewController.xib in Resources */ = {isa = PBXBuildFile; fileRef = F0577CBF1F39E6870051BD18 /* PantoneViewController.xib */; };
		F0577CC31F39E6E90051BD18 /* PantoneCollectionData.swift in Sources */ = {isa = PBXBuildFile; fileRef = F0577CC21F39E6E90051BD18 /* PantoneCollectionData.swift */; };
		F0577CC71F39E9FA0051BD18 /* PantoneSectionDescriptor.swift in Sources */ = {isa = PBXBuildFile; fileRef = F0577CC61F39E9FA0051BD18 /* PantoneSectionDescriptor.swift */; };
		F0577CCB1F39EA420051BD18 /* PantoneColorAdapter.swift in Sources */ = {isa = PBXBuildFile; fileRef = F0577CC81F39EA420051BD18 /* PantoneColorAdapter.swift */; };
		F0577CCC1F39EA420051BD18 /* PantoneColorCollectionViewCell.swift in Sources */ = {isa = PBXBuildFile; fileRef = F0577CC91F39EA420051BD18 /* PantoneColorCollectionViewCell.swift */; };
		F0577CCD1F39EA420051BD18 /* PantoneColorCollectionViewCell.xib in Resources */ = {isa = PBXBuildFile; fileRef = F0577CCA1F39EA420051BD18 /* PantoneColorCollectionViewCell.xib */; };
		F05946121EFAB4540004E930 /* CollectionUpdaterDiffDataTest.swift in Sources */ = {isa = PBXBuildFile; fileRef = F05946111EFAB4540004E930 /* CollectionUpdaterDiffDataTest.swift */; };
		F089D98B1F34BE8700395056 /* CollectionUpdaterDiffSectionTest.swift in Sources */ = {isa = PBXBuildFile; fileRef = F089D98A1F34BE8700395056 /* CollectionUpdaterDiffSectionTest.swift */; };
		F089D9AA1F3861A500395056 /* WeatherCollectionData.swift in Sources */ = {isa = PBXBuildFile; fileRef = F089D9991F3861A500395056 /* WeatherCollectionData.swift */; };
		F089D9AB1F3861A500395056 /* WeatherDayAdapter.swift in Sources */ = {isa = PBXBuildFile; fileRef = F089D99A1F3861A500395056 /* WeatherDayAdapter.swift */; };
		F089D9AC1F3861A500395056 /* WeatherDayCollectionViewCell.swift in Sources */ = {isa = PBXBuildFile; fileRef = F089D99B1F3861A500395056 /* WeatherDayCollectionViewCell.swift */; };
		F089D9AD1F3861A500395056 /* WeatherDayCollectionViewCell.xib in Resources */ = {isa = PBXBuildFile; fileRef = F089D99C1F3861A500395056 /* WeatherDayCollectionViewCell.xib */; };
		F089D9AE1F3861A500395056 /* SectionDecorationView.swift in Sources */ = {isa = PBXBuildFile; fileRef = F089D99D1F3861A500395056 /* SectionDecorationView.swift */; };
		F089D9AF1F3861A500395056 /* LabelCollectionViewCell.swift in Sources */ = {isa = PBXBuildFile; fileRef = F089D99E1F3861A500395056 /* LabelCollectionViewCell.swift */; };
		F089D9B01F3861A500395056 /* LabelCollectionViewCell.xib in Resources */ = {isa = PBXBuildFile; fileRef = F089D99F1F3861A500395056 /* LabelCollectionViewCell.xib */; };
		F089D9B11F3861A500395056 /* WeatherModel.swift in Sources */ = {isa = PBXBuildFile; fileRef = F089D9A01F3861A500395056 /* WeatherModel.swift */; };
		F089D9B21F3861A500395056 /* WeatherSectionDescriptor.swift in Sources */ = {isa = PBXBuildFile; fileRef = F089D9A11F3861A500395056 /* WeatherSectionDescriptor.swift */; };
		F089D9B31F3861A500395056 /* WeatherStyle.swift in Sources */ = {isa = PBXBuildFile; fileRef = F089D9A21F3861A500395056 /* WeatherStyle.swift */; };
		F089D9B41F3861A500395056 /* TitleCollectionViewCell.swift in Sources */ = {isa = PBXBuildFile; fileRef = F089D9A31F3861A500395056 /* TitleCollectionViewCell.swift */; };
		F089D9B51F3861A500395056 /* TitleCollectionViewCell.xib in Resources */ = {isa = PBXBuildFile; fileRef = F089D9A41F3861A500395056 /* TitleCollectionViewCell.xib */; };
		F089D9B61F3861A500395056 /* WeatherViewController.swift in Sources */ = {isa = PBXBuildFile; fileRef = F089D9A51F3861A500395056 /* WeatherViewController.swift */; };
		F089D9B71F3861A500395056 /* WeatherViewController.xib in Resources */ = {isa = PBXBuildFile; fileRef = F089D9A61F3861A500395056 /* WeatherViewController.xib */; };
		F089D9B81F3861A500395056 /* WheaterAdapters.swift in Sources */ = {isa = PBXBuildFile; fileRef = F089D9A71F3861A500395056 /* WheaterAdapters.swift */; };
		F089D9B91F3861A500395056 /* WhiteSectionLayout.swift in Sources */ = {isa = PBXBuildFile; fileRef = F089D9A81F3861A500395056 /* WhiteSectionLayout.swift */; };
		F089D9BA1F3861A500395056 /* WheatherService.swift in Sources */ = {isa = PBXBuildFile; fileRef = F089D9A91F3861A500395056 /* WheatherService.swift */; };
		F089D9C61F386F7000395056 /* RandomViewController.swift in Sources */ = {isa = PBXBuildFile; fileRef = F089D9C41F386F7000395056 /* RandomViewController.swift */; };
		F089D9C71F386F7000395056 /* RandomViewController.xib in Resources */ = {isa = PBXBuildFile; fileRef = F089D9C51F386F7000395056 /* RandomViewController.xib */; };
		F089D9C91F386FAA00395056 /* RandomCollectionData.swift in Sources */ = {isa = PBXBuildFile; fileRef = F089D9C81F386FAA00395056 /* RandomCollectionData.swift */; };
		F089D9CF1F38717800395056 /* RandomSectionDescriptor.swift in Sources */ = {isa = PBXBuildFile; fileRef = F089D9CE1F38717800395056 /* RandomSectionDescriptor.swift */; };
		F089D9D21F38726500395056 /* Crew.swift in Sources */ = {isa = PBXBuildFile; fileRef = F089D9D11F38726500395056 /* Crew.swift */; };
		F089D9D41F38740500395056 /* RandomAdapters.swift in Sources */ = {isa = PBXBuildFile; fileRef = F089D9D31F38740500395056 /* RandomAdapters.swift */; };
		F0CC34E31EB9D1850046337B /* CollectionUpdaterTest.swift in Sources */ = {isa = PBXBuildFile; fileRef = F0CC34E21EB9D1850046337B /* CollectionUpdaterTest.swift */; };
		F0D318D51EC3386000A9CBEA /* TestCollectionViewCell.swift in Sources */ = {isa = PBXBuildFile; fileRef = F0D318D11EC3362200A9CBEA /* TestCollectionViewCell.swift */; };
		F0D318D61EC3386700A9CBEA /* TestCollectionViewCell.xib in Resources */ = {isa = PBXBuildFile; fileRef = F0D318D21EC3362200A9CBEA /* TestCollectionViewCell.xib */; };
		F0D318DA1EC33F2500A9CBEA /* NoAdaptableCollectionViewCell.swift in Sources */ = {isa = PBXBuildFile; fileRef = F0D318D81EC33F2500A9CBEA /* NoAdaptableCollectionViewCell.swift */; };
		F0D318DB1EC33F2500A9CBEA /* NoAdaptableCollectionViewCell.xib in Resources */ = {isa = PBXBuildFile; fileRef = F0D318D91EC33F2500A9CBEA /* NoAdaptableCollectionViewCell.xib */; };
		F0D318DC1EC33F3900A9CBEA /* NoAdaptableCollectionViewCell.swift in Sources */ = {isa = PBXBuildFile; fileRef = F0D318D81EC33F2500A9CBEA /* NoAdaptableCollectionViewCell.swift */; };
		F0D318DD1EC33F4600A9CBEA /* NoAdaptableCollectionViewCell.xib in Resources */ = {isa = PBXBuildFile; fileRef = F0D318D91EC33F2500A9CBEA /* NoAdaptableCollectionViewCell.xib */; };
		F0D318DF1EC3422000A9CBEA /* CollectionDelegateTest.swift in Sources */ = {isa = PBXBuildFile; fileRef = F0D318DE1EC3422000A9CBEA /* CollectionDelegateTest.swift */; };
		F0D318E31EC46AA300A9CBEA /* CollectionViewTest.swift in Sources */ = {isa = PBXBuildFile; fileRef = F0D318E21EC46AA300A9CBEA /* CollectionViewTest.swift */; };
		F0D318E71EC48E4E00A9CBEA /* TestViewController.swift in Sources */ = {isa = PBXBuildFile; fileRef = F0D318E51EC48E4E00A9CBEA /* TestViewController.swift */; };
		F0D318EB1EC49E6E00A9CBEA /* TestViewController.xib in Resources */ = {isa = PBXBuildFile; fileRef = F0D318E61EC48E4E00A9CBEA /* TestViewController.xib */; };
		F0D318EC1EC49EA700A9CBEA /* TestViewController.xib in Resources */ = {isa = PBXBuildFile; fileRef = F0D318E61EC48E4E00A9CBEA /* TestViewController.xib */; };
		F0D3ED5A1F41E8340087CBD2 /* MenuCollectionData.swift in Sources */ = {isa = PBXBuildFile; fileRef = F0D3ED571F41E8340087CBD2 /* MenuCollectionData.swift */; };
		F0D3ED5B1F41E8340087CBD2 /* MenuViewController.swift in Sources */ = {isa = PBXBuildFile; fileRef = F0D3ED581F41E8340087CBD2 /* MenuViewController.swift */; };
		F0D3ED5C1F41E8340087CBD2 /* MenuViewController.xib in Resources */ = {isa = PBXBuildFile; fileRef = F0D3ED591F41E8340087CBD2 /* MenuViewController.xib */; };
		F0D3ED681F41F5EA0087CBD2 /* MenuItemAdapter.swift in Sources */ = {isa = PBXBuildFile; fileRef = F0D3ED651F41F5EA0087CBD2 /* MenuItemAdapter.swift */; };
		F0D3ED691F41F5EA0087CBD2 /* MenuItemCollectionViewCell.swift in Sources */ = {isa = PBXBuildFile; fileRef = F0D3ED661F41F5EA0087CBD2 /* MenuItemCollectionViewCell.swift */; };
		F0D3ED6A1F41F5EA0087CBD2 /* MenuItemCollectionViewCell.xib in Resources */ = {isa = PBXBuildFile; fileRef = F0D3ED671F41F5EA0087CBD2 /* MenuItemCollectionViewCell.xib */; };
		F0D3ED6C1F41F6E20087CBD2 /* MenuSectionDescriptor.swift in Sources */ = {isa = PBXBuildFile; fileRef = F0D3ED6B1F41F6E20087CBD2 /* MenuSectionDescriptor.swift */; };
/* End PBXBuildFile section */

/* Begin PBXContainerItemProxy section */
		607FACE61AFB9204008FA782 /* PBXContainerItemProxy */ = {
			isa = PBXContainerItemProxy;
			containerPortal = 607FACC81AFB9204008FA782 /* Project object */;
			proxyType = 1;
			remoteGlobalIDString = 607FACCF1AFB9204008FA782;
			remoteInfo = Collor;
		};
/* End PBXContainerItemProxy section */

/* Begin PBXFileReference section */
		001AF6C40ED6DA6C7D7D9F48 /* Pods-Collor_Example.release.xcconfig */ = {isa = PBXFileReference; includeInIndex = 1; lastKnownFileType = text.xcconfig; name = "Pods-Collor_Example.release.xcconfig"; path = "Pods/Target Support Files/Pods-Collor_Example/Pods-Collor_Example.release.xcconfig"; sourceTree = "<group>"; };
		1A53FA9DC25F27858820FE6C /* Pods-Collor_Example.debug.xcconfig */ = {isa = PBXFileReference; includeInIndex = 1; lastKnownFileType = text.xcconfig; name = "Pods-Collor_Example.debug.xcconfig"; path = "Pods/Target Support Files/Pods-Collor_Example/Pods-Collor_Example.debug.xcconfig"; sourceTree = "<group>"; };
		351F1AEC9685F40C56AAB6AE /* Pods_Collor_Example.framework */ = {isa = PBXFileReference; explicitFileType = wrapper.framework; includeInIndex = 0; path = Pods_Collor_Example.framework; sourceTree = BUILT_PRODUCTS_DIR; };
		5636DECB74EFAD63E652F76B /* Collor.podspec */ = {isa = PBXFileReference; includeInIndex = 1; lastKnownFileType = text; name = Collor.podspec; path = ../Collor.podspec; sourceTree = "<group>"; };
		607FACD01AFB9204008FA782 /* Collor_Example.app */ = {isa = PBXFileReference; explicitFileType = wrapper.application; includeInIndex = 0; path = Collor_Example.app; sourceTree = BUILT_PRODUCTS_DIR; };
		607FACD41AFB9204008FA782 /* Info.plist */ = {isa = PBXFileReference; lastKnownFileType = text.plist.xml; path = Info.plist; sourceTree = "<group>"; };
		607FACD51AFB9204008FA782 /* AppDelegate.swift */ = {isa = PBXFileReference; lastKnownFileType = sourcecode.swift; path = AppDelegate.swift; sourceTree = "<group>"; };
		607FACDA1AFB9204008FA782 /* Base */ = {isa = PBXFileReference; lastKnownFileType = file.storyboard; name = Base; path = Base.lproj/Main.storyboard; sourceTree = "<group>"; };
		607FACDC1AFB9204008FA782 /* Images.xcassets */ = {isa = PBXFileReference; lastKnownFileType = folder.assetcatalog; path = Images.xcassets; sourceTree = "<group>"; };
		607FACDF1AFB9204008FA782 /* Base */ = {isa = PBXFileReference; lastKnownFileType = file.xib; name = Base; path = Base.lproj/LaunchScreen.xib; sourceTree = "<group>"; };
		607FACE51AFB9204008FA782 /* Collor_Tests.xctest */ = {isa = PBXFileReference; explicitFileType = wrapper.cfbundle; includeInIndex = 0; path = Collor_Tests.xctest; sourceTree = BUILT_PRODUCTS_DIR; };
		607FACEA1AFB9204008FA782 /* Info.plist */ = {isa = PBXFileReference; lastKnownFileType = text.plist.xml; path = Info.plist; sourceTree = "<group>"; };
		80291F331F216AFB3E9F44D1 /* LICENSE */ = {isa = PBXFileReference; includeInIndex = 1; lastKnownFileType = text; name = LICENSE; path = ../LICENSE; sourceTree = "<group>"; };
		868E220BA7623E5F0E3E373A /* Pods-Collor_Tests.debug.xcconfig */ = {isa = PBXFileReference; includeInIndex = 1; lastKnownFileType = text.xcconfig; name = "Pods-Collor_Tests.debug.xcconfig"; path = "Pods/Target Support Files/Pods-Collor_Tests/Pods-Collor_Tests.debug.xcconfig"; sourceTree = "<group>"; };
		A1B91C5B37455C72DDFFCCC9 /* Pods-Collor_Tests.release.xcconfig */ = {isa = PBXFileReference; includeInIndex = 1; lastKnownFileType = text.xcconfig; name = "Pods-Collor_Tests.release.xcconfig"; path = "Pods/Target Support Files/Pods-Collor_Tests/Pods-Collor_Tests.release.xcconfig"; sourceTree = "<group>"; };
		C28F175CBC84A17630BED1A3 /* README.md */ = {isa = PBXFileReference; includeInIndex = 1; lastKnownFileType = net.daringfireball.markdown; name = README.md; path = ../README.md; sourceTree = "<group>"; };
		EF440CE01DADAED1ED11196A /* Pods_Collor_Tests.framework */ = {isa = PBXFileReference; explicitFileType = wrapper.framework; includeInIndex = 0; path = Pods_Collor_Tests.framework; sourceTree = BUILT_PRODUCTS_DIR; };
		F049ED5D1EBA1D92000AF6C2 /* CollectionDatasTest.swift */ = {isa = PBXFileReference; fileEncoding = 4; lastKnownFileType = sourcecode.swift; path = CollectionDatasTest.swift; sourceTree = "<group>"; };
		F049ED5F1EBA259A000AF6C2 /* CollectionDataSourceTest.swift */ = {isa = PBXFileReference; fileEncoding = 4; lastKnownFileType = sourcecode.swift; path = CollectionDataSourceTest.swift; sourceTree = "<group>"; };
		F0530FC31F5DF06D00F2318F /* RealTimeCollectionData.swift */ = {isa = PBXFileReference; fileEncoding = 4; lastKnownFileType = sourcecode.swift; path = RealTimeCollectionData.swift; sourceTree = "<group>"; };
		F0530FC41F5DF06D00F2318F /* RealTimeViewController.swift */ = {isa = PBXFileReference; fileEncoding = 4; lastKnownFileType = sourcecode.swift; path = RealTimeViewController.swift; sourceTree = "<group>"; };
		F0530FC51F5DF06D00F2318F /* RealTimeViewController.xib */ = {isa = PBXFileReference; fileEncoding = 4; lastKnownFileType = file.xib; path = RealTimeViewController.xib; sourceTree = "<group>"; };
		F0577CBC1F39C6910051BD18 /* MetallicPantone.swift */ = {isa = PBXFileReference; fileEncoding = 4; lastKnownFileType = sourcecode.swift; path = MetallicPantone.swift; sourceTree = "<group>"; };
		F0577CBE1F39E6870051BD18 /* PantoneViewController.swift */ = {isa = PBXFileReference; fileEncoding = 4; lastKnownFileType = sourcecode.swift; path = PantoneViewController.swift; sourceTree = "<group>"; };
		F0577CBF1F39E6870051BD18 /* PantoneViewController.xib */ = {isa = PBXFileReference; fileEncoding = 4; lastKnownFileType = file.xib; path = PantoneViewController.xib; sourceTree = "<group>"; };
		F0577CC21F39E6E90051BD18 /* PantoneCollectionData.swift */ = {isa = PBXFileReference; fileEncoding = 4; lastKnownFileType = sourcecode.swift; path = PantoneCollectionData.swift; sourceTree = "<group>"; };
		F0577CC61F39E9FA0051BD18 /* PantoneSectionDescriptor.swift */ = {isa = PBXFileReference; fileEncoding = 4; lastKnownFileType = sourcecode.swift; path = PantoneSectionDescriptor.swift; sourceTree = "<group>"; };
		F0577CC81F39EA420051BD18 /* PantoneColorAdapter.swift */ = {isa = PBXFileReference; fileEncoding = 4; lastKnownFileType = sourcecode.swift; path = PantoneColorAdapter.swift; sourceTree = "<group>"; };
		F0577CC91F39EA420051BD18 /* PantoneColorCollectionViewCell.swift */ = {isa = PBXFileReference; fileEncoding = 4; lastKnownFileType = sourcecode.swift; path = PantoneColorCollectionViewCell.swift; sourceTree = "<group>"; };
		F0577CCA1F39EA420051BD18 /* PantoneColorCollectionViewCell.xib */ = {isa = PBXFileReference; fileEncoding = 4; lastKnownFileType = file.xib; path = PantoneColorCollectionViewCell.xib; sourceTree = "<group>"; };
		F05946111EFAB4540004E930 /* CollectionUpdaterDiffDataTest.swift */ = {isa = PBXFileReference; fileEncoding = 4; lastKnownFileType = sourcecode.swift; path = CollectionUpdaterDiffDataTest.swift; sourceTree = "<group>"; };
		F089D98A1F34BE8700395056 /* CollectionUpdaterDiffSectionTest.swift */ = {isa = PBXFileReference; fileEncoding = 4; lastKnownFileType = sourcecode.swift; path = CollectionUpdaterDiffSectionTest.swift; sourceTree = "<group>"; };
		F089D9991F3861A500395056 /* WeatherCollectionData.swift */ = {isa = PBXFileReference; fileEncoding = 4; lastKnownFileType = sourcecode.swift; path = WeatherCollectionData.swift; sourceTree = "<group>"; };
		F089D99A1F3861A500395056 /* WeatherDayAdapter.swift */ = {isa = PBXFileReference; fileEncoding = 4; lastKnownFileType = sourcecode.swift; path = WeatherDayAdapter.swift; sourceTree = "<group>"; };
		F089D99B1F3861A500395056 /* WeatherDayCollectionViewCell.swift */ = {isa = PBXFileReference; fileEncoding = 4; lastKnownFileType = sourcecode.swift; path = WeatherDayCollectionViewCell.swift; sourceTree = "<group>"; };
		F089D99C1F3861A500395056 /* WeatherDayCollectionViewCell.xib */ = {isa = PBXFileReference; fileEncoding = 4; lastKnownFileType = file.xib; path = WeatherDayCollectionViewCell.xib; sourceTree = "<group>"; };
		F089D99D1F3861A500395056 /* SectionDecorationView.swift */ = {isa = PBXFileReference; fileEncoding = 4; lastKnownFileType = sourcecode.swift; path = SectionDecorationView.swift; sourceTree = "<group>"; };
		F089D99E1F3861A500395056 /* LabelCollectionViewCell.swift */ = {isa = PBXFileReference; fileEncoding = 4; lastKnownFileType = sourcecode.swift; path = LabelCollectionViewCell.swift; sourceTree = "<group>"; };
		F089D99F1F3861A500395056 /* LabelCollectionViewCell.xib */ = {isa = PBXFileReference; fileEncoding = 4; lastKnownFileType = file.xib; path = LabelCollectionViewCell.xib; sourceTree = "<group>"; };
		F089D9A01F3861A500395056 /* WeatherModel.swift */ = {isa = PBXFileReference; fileEncoding = 4; lastKnownFileType = sourcecode.swift; path = WeatherModel.swift; sourceTree = "<group>"; };
		F089D9A11F3861A500395056 /* WeatherSectionDescriptor.swift */ = {isa = PBXFileReference; fileEncoding = 4; lastKnownFileType = sourcecode.swift; path = WeatherSectionDescriptor.swift; sourceTree = "<group>"; };
		F089D9A21F3861A500395056 /* WeatherStyle.swift */ = {isa = PBXFileReference; fileEncoding = 4; lastKnownFileType = sourcecode.swift; path = WeatherStyle.swift; sourceTree = "<group>"; };
		F089D9A31F3861A500395056 /* TitleCollectionViewCell.swift */ = {isa = PBXFileReference; fileEncoding = 4; lastKnownFileType = sourcecode.swift; path = TitleCollectionViewCell.swift; sourceTree = "<group>"; };
		F089D9A41F3861A500395056 /* TitleCollectionViewCell.xib */ = {isa = PBXFileReference; fileEncoding = 4; lastKnownFileType = file.xib; path = TitleCollectionViewCell.xib; sourceTree = "<group>"; };
		F089D9A51F3861A500395056 /* WeatherViewController.swift */ = {isa = PBXFileReference; fileEncoding = 4; lastKnownFileType = sourcecode.swift; path = WeatherViewController.swift; sourceTree = "<group>"; };
		F089D9A61F3861A500395056 /* WeatherViewController.xib */ = {isa = PBXFileReference; fileEncoding = 4; lastKnownFileType = file.xib; path = WeatherViewController.xib; sourceTree = "<group>"; };
		F089D9A71F3861A500395056 /* WheaterAdapters.swift */ = {isa = PBXFileReference; fileEncoding = 4; lastKnownFileType = sourcecode.swift; path = WheaterAdapters.swift; sourceTree = "<group>"; };
		F089D9A81F3861A500395056 /* WhiteSectionLayout.swift */ = {isa = PBXFileReference; fileEncoding = 4; lastKnownFileType = sourcecode.swift; path = WhiteSectionLayout.swift; sourceTree = "<group>"; };
		F089D9A91F3861A500395056 /* WheatherService.swift */ = {isa = PBXFileReference; fileEncoding = 4; lastKnownFileType = sourcecode.swift; path = WheatherService.swift; sourceTree = "<group>"; };
		F089D9C41F386F7000395056 /* RandomViewController.swift */ = {isa = PBXFileReference; fileEncoding = 4; lastKnownFileType = sourcecode.swift; path = RandomViewController.swift; sourceTree = "<group>"; };
		F089D9C51F386F7000395056 /* RandomViewController.xib */ = {isa = PBXFileReference; fileEncoding = 4; lastKnownFileType = file.xib; path = RandomViewController.xib; sourceTree = "<group>"; };
		F089D9C81F386FAA00395056 /* RandomCollectionData.swift */ = {isa = PBXFileReference; fileEncoding = 4; lastKnownFileType = sourcecode.swift; path = RandomCollectionData.swift; sourceTree = "<group>"; };
		F089D9CE1F38717800395056 /* RandomSectionDescriptor.swift */ = {isa = PBXFileReference; fileEncoding = 4; lastKnownFileType = sourcecode.swift; path = RandomSectionDescriptor.swift; sourceTree = "<group>"; };
		F089D9D11F38726500395056 /* Crew.swift */ = {isa = PBXFileReference; fileEncoding = 4; lastKnownFileType = sourcecode.swift; path = Crew.swift; sourceTree = "<group>"; };
		F089D9D31F38740500395056 /* RandomAdapters.swift */ = {isa = PBXFileReference; fileEncoding = 4; lastKnownFileType = sourcecode.swift; path = RandomAdapters.swift; sourceTree = "<group>"; };
		F0CC34E21EB9D1850046337B /* CollectionUpdaterTest.swift */ = {isa = PBXFileReference; fileEncoding = 4; lastKnownFileType = sourcecode.swift; path = CollectionUpdaterTest.swift; sourceTree = "<group>"; };
		F0D318D11EC3362200A9CBEA /* TestCollectionViewCell.swift */ = {isa = PBXFileReference; fileEncoding = 4; lastKnownFileType = sourcecode.swift; path = TestCollectionViewCell.swift; sourceTree = "<group>"; };
		F0D318D21EC3362200A9CBEA /* TestCollectionViewCell.xib */ = {isa = PBXFileReference; fileEncoding = 4; lastKnownFileType = file.xib; path = TestCollectionViewCell.xib; sourceTree = "<group>"; };
		F0D318D81EC33F2500A9CBEA /* NoAdaptableCollectionViewCell.swift */ = {isa = PBXFileReference; fileEncoding = 4; lastKnownFileType = sourcecode.swift; path = NoAdaptableCollectionViewCell.swift; sourceTree = "<group>"; };
		F0D318D91EC33F2500A9CBEA /* NoAdaptableCollectionViewCell.xib */ = {isa = PBXFileReference; fileEncoding = 4; lastKnownFileType = file.xib; path = NoAdaptableCollectionViewCell.xib; sourceTree = "<group>"; };
		F0D318DE1EC3422000A9CBEA /* CollectionDelegateTest.swift */ = {isa = PBXFileReference; fileEncoding = 4; lastKnownFileType = sourcecode.swift; path = CollectionDelegateTest.swift; sourceTree = "<group>"; };
		F0D318E21EC46AA300A9CBEA /* CollectionViewTest.swift */ = {isa = PBXFileReference; fileEncoding = 4; lastKnownFileType = sourcecode.swift; path = CollectionViewTest.swift; sourceTree = "<group>"; };
		F0D318E51EC48E4E00A9CBEA /* TestViewController.swift */ = {isa = PBXFileReference; fileEncoding = 4; lastKnownFileType = sourcecode.swift; path = TestViewController.swift; sourceTree = "<group>"; };
		F0D318E61EC48E4E00A9CBEA /* TestViewController.xib */ = {isa = PBXFileReference; fileEncoding = 4; lastKnownFileType = file.xib; path = TestViewController.xib; sourceTree = "<group>"; };
		F0D3ED571F41E8340087CBD2 /* MenuCollectionData.swift */ = {isa = PBXFileReference; fileEncoding = 4; lastKnownFileType = sourcecode.swift; path = MenuCollectionData.swift; sourceTree = "<group>"; };
		F0D3ED581F41E8340087CBD2 /* MenuViewController.swift */ = {isa = PBXFileReference; fileEncoding = 4; lastKnownFileType = sourcecode.swift; path = MenuViewController.swift; sourceTree = "<group>"; };
		F0D3ED591F41E8340087CBD2 /* MenuViewController.xib */ = {isa = PBXFileReference; fileEncoding = 4; lastKnownFileType = file.xib; path = MenuViewController.xib; sourceTree = "<group>"; };
		F0D3ED651F41F5EA0087CBD2 /* MenuItemAdapter.swift */ = {isa = PBXFileReference; fileEncoding = 4; lastKnownFileType = sourcecode.swift; path = MenuItemAdapter.swift; sourceTree = "<group>"; };
		F0D3ED661F41F5EA0087CBD2 /* MenuItemCollectionViewCell.swift */ = {isa = PBXFileReference; fileEncoding = 4; lastKnownFileType = sourcecode.swift; path = MenuItemCollectionViewCell.swift; sourceTree = "<group>"; };
		F0D3ED671F41F5EA0087CBD2 /* MenuItemCollectionViewCell.xib */ = {isa = PBXFileReference; fileEncoding = 4; lastKnownFileType = file.xib; path = MenuItemCollectionViewCell.xib; sourceTree = "<group>"; };
		F0D3ED6B1F41F6E20087CBD2 /* MenuSectionDescriptor.swift */ = {isa = PBXFileReference; fileEncoding = 4; lastKnownFileType = sourcecode.swift; path = MenuSectionDescriptor.swift; sourceTree = "<group>"; };
/* End PBXFileReference section */

/* Begin PBXFrameworksBuildPhase section */
		607FACCD1AFB9204008FA782 /* Frameworks */ = {
			isa = PBXFrameworksBuildPhase;
			buildActionMask = 2147483647;
			files = (
				7315FCB25EF828F0929A4641 /* Pods_Collor_Example.framework in Frameworks */,
			);
			runOnlyForDeploymentPostprocessing = 0;
		};
		607FACE21AFB9204008FA782 /* Frameworks */ = {
			isa = PBXFrameworksBuildPhase;
			buildActionMask = 2147483647;
			files = (
				C2218105C85BA310F12BE504 /* Pods_Collor_Tests.framework in Frameworks */,
			);
			runOnlyForDeploymentPostprocessing = 0;
		};
/* End PBXFrameworksBuildPhase section */

/* Begin PBXGroup section */
		309454B3C2AA0B1C796664D3 /* Pods */ = {
			isa = PBXGroup;
			children = (
				1A53FA9DC25F27858820FE6C /* Pods-Collor_Example.debug.xcconfig */,
				001AF6C40ED6DA6C7D7D9F48 /* Pods-Collor_Example.release.xcconfig */,
				868E220BA7623E5F0E3E373A /* Pods-Collor_Tests.debug.xcconfig */,
				A1B91C5B37455C72DDFFCCC9 /* Pods-Collor_Tests.release.xcconfig */,
			);
			name = Pods;
			sourceTree = "<group>";
		};
		607FACC71AFB9204008FA782 = {
			isa = PBXGroup;
			children = (
				607FACF51AFB993E008FA782 /* Podspec Metadata */,
				607FACD21AFB9204008FA782 /* Example for Collor */,
				607FACE81AFB9204008FA782 /* Tests */,
				607FACD11AFB9204008FA782 /* Products */,
				309454B3C2AA0B1C796664D3 /* Pods */,
				9D94CB491AB4D094FFC10105 /* Frameworks */,
			);
			sourceTree = "<group>";
		};
		607FACD11AFB9204008FA782 /* Products */ = {
			isa = PBXGroup;
			children = (
				607FACD01AFB9204008FA782 /* Collor_Example.app */,
				607FACE51AFB9204008FA782 /* Collor_Tests.xctest */,
			);
			name = Products;
			sourceTree = "<group>";
		};
		607FACD21AFB9204008FA782 /* Example for Collor */ = {
			isa = PBXGroup;
			children = (
				F0530FC21F5DF05000F2318F /* RealTime */,
				F011A0B91F41CBE6007F9FEB /* Menu */,
				F0577CBA1F39C4990051BD18 /* Pantone Sample */,
				F089D9CC1F38711900395056 /* Common */,
				F089D9C31F386F5000395056 /* Random Sample */,
				F089D9981F38617900395056 /* Weather Sample */,
				607FACD51AFB9204008FA782 /* AppDelegate.swift */,
				607FACD91AFB9204008FA782 /* Main.storyboard */,
				607FACDC1AFB9204008FA782 /* Images.xcassets */,
				607FACDE1AFB9204008FA782 /* LaunchScreen.xib */,
				607FACD31AFB9204008FA782 /* Supporting Files */,
			);
			name = "Example for Collor";
			path = Collor;
			sourceTree = "<group>";
		};
		607FACD31AFB9204008FA782 /* Supporting Files */ = {
			isa = PBXGroup;
			children = (
				607FACD41AFB9204008FA782 /* Info.plist */,
			);
			name = "Supporting Files";
			sourceTree = "<group>";
		};
		607FACE81AFB9204008FA782 /* Tests */ = {
			isa = PBXGroup;
			children = (
				F0D318E41EC48D0B00A9CBEA /* controller */,
				607FACE91AFB9204008FA782 /* Supporting Files */,
				F0D318D01EC3360700A9CBEA /* cell */,
				F0CC34E21EB9D1850046337B /* CollectionUpdaterTest.swift */,
				F05946111EFAB4540004E930 /* CollectionUpdaterDiffDataTest.swift */,
				F089D98A1F34BE8700395056 /* CollectionUpdaterDiffSectionTest.swift */,
				F049ED5D1EBA1D92000AF6C2 /* CollectionDatasTest.swift */,
				F049ED5F1EBA259A000AF6C2 /* CollectionDataSourceTest.swift */,
				F0D318DE1EC3422000A9CBEA /* CollectionDelegateTest.swift */,
				F0D318E21EC46AA300A9CBEA /* CollectionViewTest.swift */,
			);
			path = Tests;
			sourceTree = "<group>";
		};
		607FACE91AFB9204008FA782 /* Supporting Files */ = {
			isa = PBXGroup;
			children = (
				607FACEA1AFB9204008FA782 /* Info.plist */,
			);
			name = "Supporting Files";
			sourceTree = "<group>";
		};
		607FACF51AFB993E008FA782 /* Podspec Metadata */ = {
			isa = PBXGroup;
			children = (
				5636DECB74EFAD63E652F76B /* Collor.podspec */,
				C28F175CBC84A17630BED1A3 /* README.md */,
				80291F331F216AFB3E9F44D1 /* LICENSE */,
			);
			name = "Podspec Metadata";
			sourceTree = "<group>";
		};
		9D94CB491AB4D094FFC10105 /* Frameworks */ = {
			isa = PBXGroup;
			children = (
				351F1AEC9685F40C56AAB6AE /* Pods_Collor_Example.framework */,
				EF440CE01DADAED1ED11196A /* Pods_Collor_Tests.framework */,
			);
			name = Frameworks;
			sourceTree = "<group>";
		};
		F011A0B91F41CBE6007F9FEB /* Menu */ = {
			isa = PBXGroup;
			children = (
				F0D3ED641F41F5D70087CBD2 /* cell */,
				F0D3ED631F41F5D10087CBD2 /* section */,
				F0D3ED571F41E8340087CBD2 /* MenuCollectionData.swift */,
				F0D3ED581F41E8340087CBD2 /* MenuViewController.swift */,
				F0D3ED591F41E8340087CBD2 /* MenuViewController.xib */,
			);
			name = Menu;
			sourceTree = "<group>";
		};
		F0530FC21F5DF05000F2318F /* RealTime */ = {
			isa = PBXGroup;
			children = (
				F0530FC31F5DF06D00F2318F /* RealTimeCollectionData.swift */,
				F0530FC41F5DF06D00F2318F /* RealTimeViewController.swift */,
				F0530FC51F5DF06D00F2318F /* RealTimeViewController.xib */,
			);
			name = RealTime;
			sourceTree = "<group>";
		};
		F0577CBA1F39C4990051BD18 /* Pantone Sample */ = {
			isa = PBXGroup;
			children = (
				F0577CC41F39E9D90051BD18 /* section */,
				F0577CC51F39E9DF0051BD18 /* cell */,
				F0577CBB1F39C67B0051BD18 /* model */,
				F0577CBE1F39E6870051BD18 /* PantoneViewController.swift */,
				F0577CC21F39E6E90051BD18 /* PantoneCollectionData.swift */,
				F0577CBF1F39E6870051BD18 /* PantoneViewController.xib */,
			);
			name = "Pantone Sample";
			sourceTree = "<group>";
		};
		F0577CBB1F39C67B0051BD18 /* model */ = {
			isa = PBXGroup;
			children = (
				F0577CBC1F39C6910051BD18 /* MetallicPantone.swift */,
			);
			name = model;
			sourceTree = "<group>";
		};
		F0577CC41F39E9D90051BD18 /* section */ = {
			isa = PBXGroup;
			children = (
				F0577CC61F39E9FA0051BD18 /* PantoneSectionDescriptor.swift */,
			);
			name = section;
			sourceTree = "<group>";
		};
		F0577CC51F39E9DF0051BD18 /* cell */ = {
			isa = PBXGroup;
			children = (
				F0577CC81F39EA420051BD18 /* PantoneColorAdapter.swift */,
				F0577CC91F39EA420051BD18 /* PantoneColorCollectionViewCell.swift */,
				F0577CCA1F39EA420051BD18 /* PantoneColorCollectionViewCell.xib */,
			);
			name = cell;
			sourceTree = "<group>";
		};
		F089D9981F38617900395056 /* Weather Sample */ = {
			isa = PBXGroup;
			children = (
				F089D9BE1F3861C400395056 /* service */,
				F089D9BD1F3861BF00395056 /* model */,
				F089D9BC1F3861BB00395056 /* section */,
				F089D9BB1F3861B700395056 /* cell */,
				F089D9A51F3861A500395056 /* WeatherViewController.swift */,
				F089D9A61F3861A500395056 /* WeatherViewController.xib */,
				F089D9991F3861A500395056 /* WeatherCollectionData.swift */,
				F089D9A71F3861A500395056 /* WheaterAdapters.swift */,
				F089D9A21F3861A500395056 /* WeatherStyle.swift */,
			);
			name = "Weather Sample";
			sourceTree = "<group>";
		};
		F089D9BB1F3861B700395056 /* cell */ = {
			isa = PBXGroup;
			children = (
				F089D9C01F38621F00395056 /* day */,
			);
			name = cell;
			sourceTree = "<group>";
		};
		F089D9BC1F3861BB00395056 /* section */ = {
			isa = PBXGroup;
			children = (
				F089D9A11F3861A500395056 /* WeatherSectionDescriptor.swift */,
			);
			name = section;
			sourceTree = "<group>";
		};
		F089D9BD1F3861BF00395056 /* model */ = {
			isa = PBXGroup;
			children = (
				F089D9A01F3861A500395056 /* WeatherModel.swift */,
			);
			name = model;
			sourceTree = "<group>";
		};
		F089D9BE1F3861C400395056 /* service */ = {
			isa = PBXGroup;
			children = (
				F089D9A91F3861A500395056 /* WheatherService.swift */,
			);
			name = service;
			sourceTree = "<group>";
		};
		F089D9C01F38621F00395056 /* day */ = {
			isa = PBXGroup;
			children = (
				F089D99B1F3861A500395056 /* WeatherDayCollectionViewCell.swift */,
				F089D99C1F3861A500395056 /* WeatherDayCollectionViewCell.xib */,
				F089D99A1F3861A500395056 /* WeatherDayAdapter.swift */,
			);
			name = day;
			sourceTree = "<group>";
		};
		F089D9C11F38622300395056 /* label */ = {
			isa = PBXGroup;
			children = (
				F089D99E1F3861A500395056 /* LabelCollectionViewCell.swift */,
				F089D99F1F3861A500395056 /* LabelCollectionViewCell.xib */,
			);
			name = label;
			sourceTree = "<group>";
		};
		F089D9C21F38622700395056 /* title */ = {
			isa = PBXGroup;
			children = (
				F089D9A31F3861A500395056 /* TitleCollectionViewCell.swift */,
				F089D9A41F3861A500395056 /* TitleCollectionViewCell.xib */,
			);
			name = title;
			sourceTree = "<group>";
		};
		F089D9C31F386F5000395056 /* Random Sample */ = {
			isa = PBXGroup;
			children = (
				F089D9D01F38725500395056 /* model */,
				F089D9CA1F38700900395056 /* section */,
				F089D9CB1F38700F00395056 /* cell */,
				F089D9C41F386F7000395056 /* RandomViewController.swift */,
				F089D9C51F386F7000395056 /* RandomViewController.xib */,
				F089D9C81F386FAA00395056 /* RandomCollectionData.swift */,
				F089D9D31F38740500395056 /* RandomAdapters.swift */,
			);
			name = "Random Sample";
			sourceTree = "<group>";
		};
		F089D9CA1F38700900395056 /* section */ = {
			isa = PBXGroup;
			children = (
				F089D9CE1F38717800395056 /* RandomSectionDescriptor.swift */,
			);
			name = section;
			sourceTree = "<group>";
		};
		F089D9CB1F38700F00395056 /* cell */ = {
			isa = PBXGroup;
			children = (
			);
			name = cell;
			sourceTree = "<group>";
		};
		F089D9CC1F38711900395056 /* Common */ = {
			isa = PBXGroup;
			children = (
				F0F08E021F38AFC4006D63EF /* layout */,
				F089D9CD1F38711D00395056 /* cell */,
			);
			name = Common;
			sourceTree = "<group>";
		};
		F089D9CD1F38711D00395056 /* cell */ = {
			isa = PBXGroup;
			children = (
				F089D9C21F38622700395056 /* title */,
				F089D9C11F38622300395056 /* label */,
			);
			name = cell;
			sourceTree = "<group>";
		};
		F089D9D01F38725500395056 /* model */ = {
			isa = PBXGroup;
			children = (
				F089D9D11F38726500395056 /* Crew.swift */,
			);
			name = model;
			sourceTree = "<group>";
		};
		F0D318D01EC3360700A9CBEA /* cell */ = {
			isa = PBXGroup;
			children = (
				F0D318D71EC33F0800A9CBEA /* noAdaptable */,
				F0D318D11EC3362200A9CBEA /* TestCollectionViewCell.swift */,
				F0D318D21EC3362200A9CBEA /* TestCollectionViewCell.xib */,
			);
			name = cell;
			sourceTree = "<group>";
		};
		F0D318D71EC33F0800A9CBEA /* noAdaptable */ = {
			isa = PBXGroup;
			children = (
				F0D318D81EC33F2500A9CBEA /* NoAdaptableCollectionViewCell.swift */,
				F0D318D91EC33F2500A9CBEA /* NoAdaptableCollectionViewCell.xib */,
			);
			name = noAdaptable;
			sourceTree = "<group>";
		};
		F0D318E41EC48D0B00A9CBEA /* controller */ = {
			isa = PBXGroup;
			children = (
				F0D318E51EC48E4E00A9CBEA /* TestViewController.swift */,
				F0D318E61EC48E4E00A9CBEA /* TestViewController.xib */,
			);
			name = controller;
			sourceTree = "<group>";
		};
		F0D3ED631F41F5D10087CBD2 /* section */ = {
			isa = PBXGroup;
			children = (
				F0D3ED6B1F41F6E20087CBD2 /* MenuSectionDescriptor.swift */,
			);
			name = section;
			sourceTree = "<group>";
		};
		F0D3ED641F41F5D70087CBD2 /* cell */ = {
			isa = PBXGroup;
			children = (
				F0D3ED651F41F5EA0087CBD2 /* MenuItemAdapter.swift */,
				F0D3ED661F41F5EA0087CBD2 /* MenuItemCollectionViewCell.swift */,
				F0D3ED671F41F5EA0087CBD2 /* MenuItemCollectionViewCell.xib */,
			);
			name = cell;
			sourceTree = "<group>";
		};
		F0F08E021F38AFC4006D63EF /* layout */ = {
			isa = PBXGroup;
			children = (
				F089D99D1F3861A500395056 /* SectionDecorationView.swift */,
				F089D9A81F3861A500395056 /* WhiteSectionLayout.swift */,
			);
			name = layout;
			sourceTree = "<group>";
		};
/* End PBXGroup section */

/* Begin PBXNativeTarget section */
		607FACCF1AFB9204008FA782 /* Collor_Example */ = {
			isa = PBXNativeTarget;
			buildConfigurationList = 607FACEF1AFB9204008FA782 /* Build configuration list for PBXNativeTarget "Collor_Example" */;
			buildPhases = (
				41B1503A355719D86F7CDCE4 /* [CP] Check Pods Manifest.lock */,
				607FACCC1AFB9204008FA782 /* Sources */,
				607FACCD1AFB9204008FA782 /* Frameworks */,
				607FACCE1AFB9204008FA782 /* Resources */,
				194D677791F0674D99715635 /* [CP] Embed Pods Frameworks */,
				BF36D612C6D690465F6BD9C2 /* [CP] Copy Pods Resources */,
			);
			buildRules = (
			);
			dependencies = (
			);
			name = Collor_Example;
			productName = Collor;
			productReference = 607FACD01AFB9204008FA782 /* Collor_Example.app */;
			productType = "com.apple.product-type.application";
		};
		607FACE41AFB9204008FA782 /* Collor_Tests */ = {
			isa = PBXNativeTarget;
			buildConfigurationList = 607FACF21AFB9204008FA782 /* Build configuration list for PBXNativeTarget "Collor_Tests" */;
			buildPhases = (
				FFF01212103F51BCCB943BD6 /* [CP] Check Pods Manifest.lock */,
				607FACE11AFB9204008FA782 /* Sources */,
				607FACE21AFB9204008FA782 /* Frameworks */,
				607FACE31AFB9204008FA782 /* Resources */,
				E80080EABAF15BA1EB1D2F24 /* [CP] Embed Pods Frameworks */,
				96618C131910D258C58CF3F8 /* [CP] Copy Pods Resources */,
			);
			buildRules = (
			);
			dependencies = (
				607FACE71AFB9204008FA782 /* PBXTargetDependency */,
			);
			name = Collor_Tests;
			productName = Tests;
			productReference = 607FACE51AFB9204008FA782 /* Collor_Tests.xctest */;
			productType = "com.apple.product-type.bundle.unit-test";
		};
/* End PBXNativeTarget section */

/* Begin PBXProject section */
		607FACC81AFB9204008FA782 /* Project object */ = {
			isa = PBXProject;
			attributes = {
				LastSwiftUpdateCheck = 0720;
				LastUpgradeCheck = 0820;
				ORGANIZATIONNAME = CocoaPods;
				TargetAttributes = {
					607FACCF1AFB9204008FA782 = {
						CreatedOnToolsVersion = 6.3.1;
						LastSwiftMigration = 0820;
					};
					607FACE41AFB9204008FA782 = {
						CreatedOnToolsVersion = 6.3.1;
						LastSwiftMigration = 0820;
						TestTargetID = 607FACCF1AFB9204008FA782;
					};
				};
			};
			buildConfigurationList = 607FACCB1AFB9204008FA782 /* Build configuration list for PBXProject "Collor" */;
			compatibilityVersion = "Xcode 3.2";
			developmentRegion = English;
			hasScannedForEncodings = 0;
			knownRegions = (
				en,
				Base,
			);
			mainGroup = 607FACC71AFB9204008FA782;
			productRefGroup = 607FACD11AFB9204008FA782 /* Products */;
			projectDirPath = "";
			projectRoot = "";
			targets = (
				607FACCF1AFB9204008FA782 /* Collor_Example */,
				607FACE41AFB9204008FA782 /* Collor_Tests */,
			);
		};
/* End PBXProject section */

/* Begin PBXResourcesBuildPhase section */
		607FACCE1AFB9204008FA782 /* Resources */ = {
			isa = PBXResourcesBuildPhase;
			buildActionMask = 2147483647;
			files = (
				F0D318DD1EC33F4600A9CBEA /* NoAdaptableCollectionViewCell.xib in Resources */,
				607FACDB1AFB9204008FA782 /* Main.storyboard in Resources */,
				F089D9AD1F3861A500395056 /* WeatherDayCollectionViewCell.xib in Resources */,
				F0D318D61EC3386700A9CBEA /* TestCollectionViewCell.xib in Resources */,
				607FACE01AFB9204008FA782 /* LaunchScreen.xib in Resources */,
				F0D3ED5C1F41E8340087CBD2 /* MenuViewController.xib in Resources */,
				F089D9B01F3861A500395056 /* LabelCollectionViewCell.xib in Resources */,
				F0D318EC1EC49EA700A9CBEA /* TestViewController.xib in Resources */,
				F089D9B51F3861A500395056 /* TitleCollectionViewCell.xib in Resources */,
				607FACDD1AFB9204008FA782 /* Images.xcassets in Resources */,
				F0577CCD1F39EA420051BD18 /* PantoneColorCollectionViewCell.xib in Resources */,
				F0D3ED6A1F41F5EA0087CBD2 /* MenuItemCollectionViewCell.xib in Resources */,
				F089D9B71F3861A500395056 /* WeatherViewController.xib in Resources */,
				F0530FC81F5DF06D00F2318F /* RealTimeViewController.xib in Resources */,
				F0577CC11F39E6870051BD18 /* PantoneViewController.xib in Resources */,
				F089D9C71F386F7000395056 /* RandomViewController.xib in Resources */,
			);
			runOnlyForDeploymentPostprocessing = 0;
		};
		607FACE31AFB9204008FA782 /* Resources */ = {
			isa = PBXResourcesBuildPhase;
			buildActionMask = 2147483647;
			files = (
				F0D318EB1EC49E6E00A9CBEA /* TestViewController.xib in Resources */,
				F0D318DB1EC33F2500A9CBEA /* NoAdaptableCollectionViewCell.xib in Resources */,
			);
			runOnlyForDeploymentPostprocessing = 0;
		};
/* End PBXResourcesBuildPhase section */

/* Begin PBXShellScriptBuildPhase section */
		194D677791F0674D99715635 /* [CP] Embed Pods Frameworks */ = {
			isa = PBXShellScriptBuildPhase;
			buildActionMask = 2147483647;
			files = (
			);
			inputPaths = (
			);
			name = "[CP] Embed Pods Frameworks";
			outputPaths = (
			);
			runOnlyForDeploymentPostprocessing = 0;
			shellPath = /bin/sh;
			shellScript = "\"${SRCROOT}/Pods/Target Support Files/Pods-Collor_Example/Pods-Collor_Example-frameworks.sh\"\n";
			showEnvVarsInLog = 0;
		};
		41B1503A355719D86F7CDCE4 /* [CP] Check Pods Manifest.lock */ = {
			isa = PBXShellScriptBuildPhase;
			buildActionMask = 2147483647;
			files = (
			);
			inputPaths = (
			);
			name = "[CP] Check Pods Manifest.lock";
			outputPaths = (
			);
			runOnlyForDeploymentPostprocessing = 0;
			shellPath = /bin/sh;
			shellScript = "diff \"${PODS_PODFILE_DIR_PATH}/Podfile.lock\" \"${PODS_ROOT}/Manifest.lock\" > /dev/null\nif [ $? != 0 ] ; then\n    # print error to STDERR\n    echo \"error: The sandbox is not in sync with the Podfile.lock. Run 'pod install' or update your CocoaPods installation.\" >&2\n    exit 1\nfi\n";
			showEnvVarsInLog = 0;
		};
		96618C131910D258C58CF3F8 /* [CP] Copy Pods Resources */ = {
			isa = PBXShellScriptBuildPhase;
			buildActionMask = 2147483647;
			files = (
			);
			inputPaths = (
			);
			name = "[CP] Copy Pods Resources";
			outputPaths = (
			);
			runOnlyForDeploymentPostprocessing = 0;
			shellPath = /bin/sh;
			shellScript = "\"${SRCROOT}/Pods/Target Support Files/Pods-Collor_Tests/Pods-Collor_Tests-resources.sh\"\n";
			showEnvVarsInLog = 0;
		};
		BF36D612C6D690465F6BD9C2 /* [CP] Copy Pods Resources */ = {
			isa = PBXShellScriptBuildPhase;
			buildActionMask = 2147483647;
			files = (
			);
			inputPaths = (
			);
			name = "[CP] Copy Pods Resources";
			outputPaths = (
			);
			runOnlyForDeploymentPostprocessing = 0;
			shellPath = /bin/sh;
			shellScript = "\"${SRCROOT}/Pods/Target Support Files/Pods-Collor_Example/Pods-Collor_Example-resources.sh\"\n";
			showEnvVarsInLog = 0;
		};
		E80080EABAF15BA1EB1D2F24 /* [CP] Embed Pods Frameworks */ = {
			isa = PBXShellScriptBuildPhase;
			buildActionMask = 2147483647;
			files = (
			);
			inputPaths = (
			);
			name = "[CP] Embed Pods Frameworks";
			outputPaths = (
			);
			runOnlyForDeploymentPostprocessing = 0;
			shellPath = /bin/sh;
			shellScript = "\"${SRCROOT}/Pods/Target Support Files/Pods-Collor_Tests/Pods-Collor_Tests-frameworks.sh\"\n";
			showEnvVarsInLog = 0;
		};
		FFF01212103F51BCCB943BD6 /* [CP] Check Pods Manifest.lock */ = {
			isa = PBXShellScriptBuildPhase;
			buildActionMask = 2147483647;
			files = (
			);
			inputPaths = (
			);
			name = "[CP] Check Pods Manifest.lock";
			outputPaths = (
			);
			runOnlyForDeploymentPostprocessing = 0;
			shellPath = /bin/sh;
			shellScript = "diff \"${PODS_PODFILE_DIR_PATH}/Podfile.lock\" \"${PODS_ROOT}/Manifest.lock\" > /dev/null\nif [ $? != 0 ] ; then\n    # print error to STDERR\n    echo \"error: The sandbox is not in sync with the Podfile.lock. Run 'pod install' or update your CocoaPods installation.\" >&2\n    exit 1\nfi\n";
			showEnvVarsInLog = 0;
		};
/* End PBXShellScriptBuildPhase section */

/* Begin PBXSourcesBuildPhase section */
		607FACCC1AFB9204008FA782 /* Sources */ = {
			isa = PBXSourcesBuildPhase;
			buildActionMask = 2147483647;
			files = (
				F0577CC01F39E6870051BD18 /* PantoneViewController.swift in Sources */,
				F0D318DC1EC33F3900A9CBEA /* NoAdaptableCollectionViewCell.swift in Sources */,
				F089D9D41F38740500395056 /* RandomAdapters.swift in Sources */,
				F089D9AC1F3861A500395056 /* WeatherDayCollectionViewCell.swift in Sources */,
				F089D9B61F3861A500395056 /* WeatherViewController.swift in Sources */,
				F089D9CF1F38717800395056 /* RandomSectionDescriptor.swift in Sources */,
				F0D3ED5A1F41E8340087CBD2 /* MenuCollectionData.swift in Sources */,
				F089D9AB1F3861A500395056 /* WeatherDayAdapter.swift in Sources */,
				F089D9C61F386F7000395056 /* RandomViewController.swift in Sources */,
				F0D3ED5B1F41E8340087CBD2 /* MenuViewController.swift in Sources */,
				F089D9AE1F3861A500395056 /* SectionDecorationView.swift in Sources */,
				F0577CC71F39E9FA0051BD18 /* PantoneSectionDescriptor.swift in Sources */,
				F089D9D21F38726500395056 /* Crew.swift in Sources */,
				F089D9B21F3861A500395056 /* WeatherSectionDescriptor.swift in Sources */,
				F089D9B91F3861A500395056 /* WhiteSectionLayout.swift in Sources */,
				F0D3ED681F41F5EA0087CBD2 /* MenuItemAdapter.swift in Sources */,
				F0577CCB1F39EA420051BD18 /* PantoneColorAdapter.swift in Sources */,
				F089D9C91F386FAA00395056 /* RandomCollectionData.swift in Sources */,
				F0577CCC1F39EA420051BD18 /* PantoneColorCollectionViewCell.swift in Sources */,
				F089D9B81F3861A500395056 /* WheaterAdapters.swift in Sources */,
				F089D9AF1F3861A500395056 /* LabelCollectionViewCell.swift in Sources */,
				F0530FC61F5DF06D00F2318F /* RealTimeCollectionData.swift in Sources */,
				F0D3ED691F41F5EA0087CBD2 /* MenuItemCollectionViewCell.swift in Sources */,
				F089D9B41F3861A500395056 /* TitleCollectionViewCell.swift in Sources */,
				F0D318D51EC3386000A9CBEA /* TestCollectionViewCell.swift in Sources */,
				F0577CC31F39E6E90051BD18 /* PantoneCollectionData.swift in Sources */,
				F089D9B11F3861A500395056 /* WeatherModel.swift in Sources */,
				F089D9BA1F3861A500395056 /* WheatherService.swift in Sources */,
				F0577CBD1F39C6910051BD18 /* MetallicPantone.swift in Sources */,
				F089D9AA1F3861A500395056 /* WeatherCollectionData.swift in Sources */,
				F089D9B31F3861A500395056 /* WeatherStyle.swift in Sources */,
				607FACD61AFB9204008FA782 /* AppDelegate.swift in Sources */,
				F0D3ED6C1F41F6E20087CBD2 /* MenuSectionDescriptor.swift in Sources */,
				F0530FC71F5DF06D00F2318F /* RealTimeViewController.swift in Sources */,
			);
			runOnlyForDeploymentPostprocessing = 0;
		};
		607FACE11AFB9204008FA782 /* Sources */ = {
			isa = PBXSourcesBuildPhase;
			buildActionMask = 2147483647;
			files = (
				F0D318E71EC48E4E00A9CBEA /* TestViewController.swift in Sources */,
				F0D318DA1EC33F2500A9CBEA /* NoAdaptableCollectionViewCell.swift in Sources */,
				F05946121EFAB4540004E930 /* CollectionUpdaterDiffDataTest.swift in Sources */,
				F049ED5E1EBA1D92000AF6C2 /* CollectionDatasTest.swift in Sources */,
				F089D98B1F34BE8700395056 /* CollectionUpdaterDiffSectionTest.swift in Sources */,
				F0CC34E31EB9D1850046337B /* CollectionUpdaterTest.swift in Sources */,
				F049ED601EBA259A000AF6C2 /* CollectionDataSourceTest.swift in Sources */,
				F0D318E31EC46AA300A9CBEA /* CollectionViewTest.swift in Sources */,
				F0D318DF1EC3422000A9CBEA /* CollectionDelegateTest.swift in Sources */,
			);
			runOnlyForDeploymentPostprocessing = 0;
		};
/* End PBXSourcesBuildPhase section */

/* Begin PBXTargetDependency section */
		607FACE71AFB9204008FA782 /* PBXTargetDependency */ = {
			isa = PBXTargetDependency;
			target = 607FACCF1AFB9204008FA782 /* Collor_Example */;
			targetProxy = 607FACE61AFB9204008FA782 /* PBXContainerItemProxy */;
		};
/* End PBXTargetDependency section */

/* Begin PBXVariantGroup section */
		607FACD91AFB9204008FA782 /* Main.storyboard */ = {
			isa = PBXVariantGroup;
			children = (
				607FACDA1AFB9204008FA782 /* Base */,
			);
			name = Main.storyboard;
			sourceTree = "<group>";
		};
		607FACDE1AFB9204008FA782 /* LaunchScreen.xib */ = {
			isa = PBXVariantGroup;
			children = (
				607FACDF1AFB9204008FA782 /* Base */,
			);
			name = LaunchScreen.xib;
			sourceTree = "<group>";
		};
/* End PBXVariantGroup section */

/* Begin XCBuildConfiguration section */
		607FACED1AFB9204008FA782 /* Debug */ = {
			isa = XCBuildConfiguration;
			buildSettings = {
				ALWAYS_SEARCH_USER_PATHS = NO;
				CLANG_CXX_LANGUAGE_STANDARD = "gnu++0x";
				CLANG_CXX_LIBRARY = "libc++";
				CLANG_ENABLE_MODULES = YES;
				CLANG_ENABLE_OBJC_ARC = YES;
				CLANG_WARN_BOOL_CONVERSION = YES;
				CLANG_WARN_CONSTANT_CONVERSION = YES;
				CLANG_WARN_DIRECT_OBJC_ISA_USAGE = YES_ERROR;
				CLANG_WARN_EMPTY_BODY = YES;
				CLANG_WARN_ENUM_CONVERSION = YES;
				CLANG_WARN_INFINITE_RECURSION = YES;
				CLANG_WARN_INT_CONVERSION = YES;
				CLANG_WARN_OBJC_ROOT_CLASS = YES_ERROR;
				CLANG_WARN_SUSPICIOUS_MOVE = YES;
				CLANG_WARN_UNREACHABLE_CODE = YES;
				CLANG_WARN__DUPLICATE_METHOD_MATCH = YES;
				"CODE_SIGN_IDENTITY[sdk=iphoneos*]" = "iPhone Developer";
				COPY_PHASE_STRIP = NO;
				DEBUG_INFORMATION_FORMAT = "dwarf-with-dsym";
				ENABLE_STRICT_OBJC_MSGSEND = YES;
				ENABLE_TESTABILITY = YES;
				GCC_C_LANGUAGE_STANDARD = gnu99;
				GCC_DYNAMIC_NO_PIC = NO;
				GCC_NO_COMMON_BLOCKS = YES;
				GCC_OPTIMIZATION_LEVEL = 0;
				GCC_PREPROCESSOR_DEFINITIONS = (
					"DEBUG=1",
					"$(inherited)",
				);
				GCC_SYMBOLS_PRIVATE_EXTERN = NO;
				GCC_WARN_64_TO_32_BIT_CONVERSION = YES;
				GCC_WARN_ABOUT_RETURN_TYPE = YES_ERROR;
				GCC_WARN_UNDECLARED_SELECTOR = YES;
				GCC_WARN_UNINITIALIZED_AUTOS = YES_AGGRESSIVE;
				GCC_WARN_UNUSED_FUNCTION = YES;
				GCC_WARN_UNUSED_VARIABLE = YES;
				IPHONEOS_DEPLOYMENT_TARGET = 8.3;
				MTL_ENABLE_DEBUG_INFO = YES;
				ONLY_ACTIVE_ARCH = YES;
				SDKROOT = iphoneos;
				SWIFT_OPTIMIZATION_LEVEL = "-Onone";
			};
			name = Debug;
		};
		607FACEE1AFB9204008FA782 /* Release */ = {
			isa = XCBuildConfiguration;
			buildSettings = {
				ALWAYS_SEARCH_USER_PATHS = NO;
				CLANG_CXX_LANGUAGE_STANDARD = "gnu++0x";
				CLANG_CXX_LIBRARY = "libc++";
				CLANG_ENABLE_MODULES = YES;
				CLANG_ENABLE_OBJC_ARC = YES;
				CLANG_WARN_BOOL_CONVERSION = YES;
				CLANG_WARN_CONSTANT_CONVERSION = YES;
				CLANG_WARN_DIRECT_OBJC_ISA_USAGE = YES_ERROR;
				CLANG_WARN_EMPTY_BODY = YES;
				CLANG_WARN_ENUM_CONVERSION = YES;
				CLANG_WARN_INFINITE_RECURSION = YES;
				CLANG_WARN_INT_CONVERSION = YES;
				CLANG_WARN_OBJC_ROOT_CLASS = YES_ERROR;
				CLANG_WARN_SUSPICIOUS_MOVE = YES;
				CLANG_WARN_UNREACHABLE_CODE = YES;
				CLANG_WARN__DUPLICATE_METHOD_MATCH = YES;
				"CODE_SIGN_IDENTITY[sdk=iphoneos*]" = "iPhone Developer";
				COPY_PHASE_STRIP = NO;
				DEBUG_INFORMATION_FORMAT = "dwarf-with-dsym";
				ENABLE_NS_ASSERTIONS = NO;
				ENABLE_STRICT_OBJC_MSGSEND = YES;
				GCC_C_LANGUAGE_STANDARD = gnu99;
				GCC_NO_COMMON_BLOCKS = YES;
				GCC_WARN_64_TO_32_BIT_CONVERSION = YES;
				GCC_WARN_ABOUT_RETURN_TYPE = YES_ERROR;
				GCC_WARN_UNDECLARED_SELECTOR = YES;
				GCC_WARN_UNINITIALIZED_AUTOS = YES_AGGRESSIVE;
				GCC_WARN_UNUSED_FUNCTION = YES;
				GCC_WARN_UNUSED_VARIABLE = YES;
				IPHONEOS_DEPLOYMENT_TARGET = 8.3;
				MTL_ENABLE_DEBUG_INFO = NO;
				SDKROOT = iphoneos;
				SWIFT_OPTIMIZATION_LEVEL = "-Owholemodule";
				VALIDATE_PRODUCT = YES;
			};
			name = Release;
		};
		607FACF01AFB9204008FA782 /* Debug */ = {
			isa = XCBuildConfiguration;
			baseConfigurationReference = 1A53FA9DC25F27858820FE6C /* Pods-Collor_Example.debug.xcconfig */;
			buildSettings = {
				ASSETCATALOG_COMPILER_APPICON_NAME = AppIcon;
				DEVELOPMENT_TEAM = "";
				INFOPLIST_FILE = Collor/Info.plist;
				LD_RUNPATH_SEARCH_PATHS = "$(inherited) @executable_path/Frameworks";
				MODULE_NAME = ExampleApp;
				PRODUCT_BUNDLE_IDENTIFIER = "org.cocoapods.demo.$(PRODUCT_NAME:rfc1034identifier)";
				PRODUCT_NAME = "$(TARGET_NAME)";
				SWIFT_VERSION = 3.0;
			};
			name = Debug;
		};
		607FACF11AFB9204008FA782 /* Release */ = {
			isa = XCBuildConfiguration;
			baseConfigurationReference = 001AF6C40ED6DA6C7D7D9F48 /* Pods-Collor_Example.release.xcconfig */;
			buildSettings = {
				ASSETCATALOG_COMPILER_APPICON_NAME = AppIcon;
				DEVELOPMENT_TEAM = "";
				INFOPLIST_FILE = Collor/Info.plist;
				LD_RUNPATH_SEARCH_PATHS = "$(inherited) @executable_path/Frameworks";
				MODULE_NAME = ExampleApp;
				PRODUCT_BUNDLE_IDENTIFIER = "org.cocoapods.demo.$(PRODUCT_NAME:rfc1034identifier)";
				PRODUCT_NAME = "$(TARGET_NAME)";
				SWIFT_VERSION = 3.0;
			};
			name = Release;
		};
		607FACF31AFB9204008FA782 /* Debug */ = {
			isa = XCBuildConfiguration;
			baseConfigurationReference = 868E220BA7623E5F0E3E373A /* Pods-Collor_Tests.debug.xcconfig */;
			buildSettings = {
				DEVELOPMENT_TEAM = "";
				FRAMEWORK_SEARCH_PATHS = (
					"$(SDKROOT)/Developer/Library/Frameworks",
					"$(inherited)",
				);
				GCC_PREPROCESSOR_DEFINITIONS = (
					"DEBUG=1",
					"$(inherited)",
				);
				INFOPLIST_FILE = Tests/Info.plist;
				LD_RUNPATH_SEARCH_PATHS = "$(inherited) @executable_path/Frameworks @loader_path/Frameworks";
				PRODUCT_BUNDLE_IDENTIFIER = "org.cocoapods.$(PRODUCT_NAME:rfc1034identifier)";
				PRODUCT_NAME = "$(TARGET_NAME)";
				SWIFT_VERSION = 3.0;
				TEST_HOST = "$(BUILT_PRODUCTS_DIR)/Collor_Example.app/Collor_Example";
			};
			name = Debug;
		};
		607FACF41AFB9204008FA782 /* Release */ = {
			isa = XCBuildConfiguration;
			baseConfigurationReference = A1B91C5B37455C72DDFFCCC9 /* Pods-Collor_Tests.release.xcconfig */;
			buildSettings = {
				DEVELOPMENT_TEAM = "";
				FRAMEWORK_SEARCH_PATHS = (
					"$(SDKROOT)/Developer/Library/Frameworks",
					"$(inherited)",
				);
				INFOPLIST_FILE = Tests/Info.plist;
				LD_RUNPATH_SEARCH_PATHS = "$(inherited) @executable_path/Frameworks @loader_path/Frameworks";
				PRODUCT_BUNDLE_IDENTIFIER = "org.cocoapods.$(PRODUCT_NAME:rfc1034identifier)";
				PRODUCT_NAME = "$(TARGET_NAME)";
				SWIFT_VERSION = 3.0;
				TEST_HOST = "$(BUILT_PRODUCTS_DIR)/Collor_Example.app/Collor_Example";
			};
			name = Release;
		};
/* End XCBuildConfiguration section */

/* Begin XCConfigurationList section */
		607FACCB1AFB9204008FA782 /* Build configuration list for PBXProject "Collor" */ = {
			isa = XCConfigurationList;
			buildConfigurations = (
				607FACED1AFB9204008FA782 /* Debug */,
				607FACEE1AFB9204008FA782 /* Release */,
			);
			defaultConfigurationIsVisible = 0;
			defaultConfigurationName = Release;
		};
		607FACEF1AFB9204008FA782 /* Build configuration list for PBXNativeTarget "Collor_Example" */ = {
			isa = XCConfigurationList;
			buildConfigurations = (
				607FACF01AFB9204008FA782 /* Debug */,
				607FACF11AFB9204008FA782 /* Release */,
			);
			defaultConfigurationIsVisible = 0;
			defaultConfigurationName = Release;
		};
		607FACF21AFB9204008FA782 /* Build configuration list for PBXNativeTarget "Collor_Tests" */ = {
			isa = XCConfigurationList;
			buildConfigurations = (
				607FACF31AFB9204008FA782 /* Debug */,
				607FACF41AFB9204008FA782 /* Release */,
			);
			defaultConfigurationIsVisible = 0;
			defaultConfigurationName = Release;
		};
/* End XCConfigurationList section */
	};
	rootObject = 607FACC81AFB9204008FA782 /* Project object */;
}
